// !$*UTF8*$!
{
	archiveVersion = 1;
	classes = {
	};
	objectVersion = 46;
	objects = {

/* Begin PBXBuildFile section */
		E410BEF21BD4ED5A00935252 /* ATpictureModel.m in Sources */ = {isa = PBXBuildFile; fileRef = E410BEF11BD4ED5A00935252 /* ATpictureModel.m */; };
		E410BF151BD4EF8E00935252 /* MKAnnotationView+WebCache.m in Sources */ = {isa = PBXBuildFile; fileRef = E410BEF51BD4EF8D00935252 /* MKAnnotationView+WebCache.m */; };
		E410BF161BD4EF8E00935252 /* NSData+ImageContentType.m in Sources */ = {isa = PBXBuildFile; fileRef = E410BEF71BD4EF8D00935252 /* NSData+ImageContentType.m */; };
		E410BF171BD4EF8E00935252 /* SDImageCache.m in Sources */ = {isa = PBXBuildFile; fileRef = E410BEF91BD4EF8D00935252 /* SDImageCache.m */; };
		E410BF181BD4EF8E00935252 /* SDWebImageCompat.m in Sources */ = {isa = PBXBuildFile; fileRef = E410BEFB1BD4EF8D00935252 /* SDWebImageCompat.m */; };
		E410BF191BD4EF8E00935252 /* SDWebImageDecoder.m in Sources */ = {isa = PBXBuildFile; fileRef = E410BEFD1BD4EF8D00935252 /* SDWebImageDecoder.m */; };
		E410BF1A1BD4EF8E00935252 /* SDWebImageDownloader.m in Sources */ = {isa = PBXBuildFile; fileRef = E410BEFF1BD4EF8E00935252 /* SDWebImageDownloader.m */; };
		E410BF1B1BD4EF8E00935252 /* SDWebImageDownloaderOperation.m in Sources */ = {isa = PBXBuildFile; fileRef = E410BF011BD4EF8E00935252 /* SDWebImageDownloaderOperation.m */; };
		E410BF1C1BD4EF8E00935252 /* SDWebImageManager.m in Sources */ = {isa = PBXBuildFile; fileRef = E410BF031BD4EF8E00935252 /* SDWebImageManager.m */; };
		E410BF1D1BD4EF8E00935252 /* SDWebImagePrefetcher.m in Sources */ = {isa = PBXBuildFile; fileRef = E410BF061BD4EF8E00935252 /* SDWebImagePrefetcher.m */; };
		E410BF1E1BD4EF8E00935252 /* UIButton+WebCache.m in Sources */ = {isa = PBXBuildFile; fileRef = E410BF081BD4EF8E00935252 /* UIButton+WebCache.m */; };
		E410BF1F1BD4EF8E00935252 /* UIImage+GIF.m in Sources */ = {isa = PBXBuildFile; fileRef = E410BF0A1BD4EF8E00935252 /* UIImage+GIF.m */; };
		E410BF201BD4EF8E00935252 /* UIImage+MultiFormat.m in Sources */ = {isa = PBXBuildFile; fileRef = E410BF0C1BD4EF8E00935252 /* UIImage+MultiFormat.m */; };
		E410BF211BD4EF8E00935252 /* UIImage+WebP.m in Sources */ = {isa = PBXBuildFile; fileRef = E410BF0E1BD4EF8E00935252 /* UIImage+WebP.m */; };
		E410BF221BD4EF8E00935252 /* UIImageView+HighlightedWebCache.m in Sources */ = {isa = PBXBuildFile; fileRef = E410BF101BD4EF8E00935252 /* UIImageView+HighlightedWebCache.m */; };
		E410BF231BD4EF8E00935252 /* UIImageView+WebCache.m in Sources */ = {isa = PBXBuildFile; fileRef = E410BF121BD4EF8E00935252 /* UIImageView+WebCache.m */; };
		E410BF241BD4EF8E00935252 /* UIView+WebCacheOperation.m in Sources */ = {isa = PBXBuildFile; fileRef = E410BF141BD4EF8E00935252 /* UIView+WebCacheOperation.m */; };
		E410BF271BD4F1AA00935252 /* ATPhotoDetailRequest.m in Sources */ = {isa = PBXBuildFile; fileRef = E410BF261BD4F1AA00935252 /* ATPhotoDetailRequest.m */; };
		E410BF2A1BD5178000935252 /* ATPublishViewController.m in Sources */ = {isa = PBXBuildFile; fileRef = E410BF291BD5178000935252 /* ATPublishViewController.m */; };
		E410BF301BD5180300935252 /* ATPublishRequest.m in Sources */ = {isa = PBXBuildFile; fileRef = E410BF2F1BD5180300935252 /* ATPublishRequest.m */; };
		E410BF331BD5185200935252 /* ATPublishRequestParser.m in Sources */ = {isa = PBXBuildFile; fileRef = E410BF321BD5185200935252 /* ATPublishRequestParser.m */; };
		E410BF361BD5188D00935252 /* ATPublishModel.m in Sources */ = {isa = PBXBuildFile; fileRef = E410BF351BD5188D00935252 /* ATPublishModel.m */; };
		E410BF3F1BD66C5000935252 /* ATLocationManager.m in Sources */ = {isa = PBXBuildFile; fileRef = E410BF3E1BD66C5000935252 /* ATLocationManager.m */; };
		E4370C601BD01F480099A880 /* ATNickNameViewController.m in Sources */ = {isa = PBXBuildFile; fileRef = E4370C5F1BD01F480099A880 /* ATNickNameViewController.m */; };
		E4370C631BD032550099A880 /* ATHeadImageViewController.m in Sources */ = {isa = PBXBuildFile; fileRef = E4370C621BD032550099A880 /* ATHeadImageViewController.m */; };
		E438846F1BD13D3A00A20D36 /* MJRefreshAutoFooter.m in Sources */ = {isa = PBXBuildFile; fileRef = E43884451BD13D3A00A20D36 /* MJRefreshAutoFooter.m */; };
		E43884701BD13D3A00A20D36 /* MJRefreshBackFooter.m in Sources */ = {isa = PBXBuildFile; fileRef = E43884471BD13D3A00A20D36 /* MJRefreshBackFooter.m */; };
		E43884711BD13D3A00A20D36 /* MJRefreshComponent.m in Sources */ = {isa = PBXBuildFile; fileRef = E43884491BD13D3A00A20D36 /* MJRefreshComponent.m */; };
		E43884721BD13D3A00A20D36 /* MJRefreshFooter.m in Sources */ = {isa = PBXBuildFile; fileRef = E438844B1BD13D3A00A20D36 /* MJRefreshFooter.m */; };
		E43884731BD13D3A00A20D36 /* MJRefreshHeader.m in Sources */ = {isa = PBXBuildFile; fileRef = E438844D1BD13D3A00A20D36 /* MJRefreshHeader.m */; };
		E43884741BD13D3A00A20D36 /* MJRefreshAutoGifFooter.m in Sources */ = {isa = PBXBuildFile; fileRef = E43884521BD13D3A00A20D36 /* MJRefreshAutoGifFooter.m */; };
		E43884751BD13D3A00A20D36 /* MJRefreshAutoNormalFooter.m in Sources */ = {isa = PBXBuildFile; fileRef = E43884541BD13D3A00A20D36 /* MJRefreshAutoNormalFooter.m */; };
		E43884761BD13D3A00A20D36 /* MJRefreshAutoStateFooter.m in Sources */ = {isa = PBXBuildFile; fileRef = E43884561BD13D3A00A20D36 /* MJRefreshAutoStateFooter.m */; };
		E43884771BD13D3A00A20D36 /* MJRefreshBackGifFooter.m in Sources */ = {isa = PBXBuildFile; fileRef = E43884591BD13D3A00A20D36 /* MJRefreshBackGifFooter.m */; };
		E43884781BD13D3A00A20D36 /* MJRefreshBackNormalFooter.m in Sources */ = {isa = PBXBuildFile; fileRef = E438845B1BD13D3A00A20D36 /* MJRefreshBackNormalFooter.m */; };
		E43884791BD13D3A00A20D36 /* MJRefreshBackStateFooter.m in Sources */ = {isa = PBXBuildFile; fileRef = E438845D1BD13D3A00A20D36 /* MJRefreshBackStateFooter.m */; };
		E438847A1BD13D3A00A20D36 /* MJRefreshGifHeader.m in Sources */ = {isa = PBXBuildFile; fileRef = E43884601BD13D3A00A20D36 /* MJRefreshGifHeader.m */; };
		E438847B1BD13D3A00A20D36 /* MJRefreshNormalHeader.m in Sources */ = {isa = PBXBuildFile; fileRef = E43884621BD13D3A00A20D36 /* MJRefreshNormalHeader.m */; };
		E438847C1BD13D3A00A20D36 /* MJRefreshStateHeader.m in Sources */ = {isa = PBXBuildFile; fileRef = E43884641BD13D3A00A20D36 /* MJRefreshStateHeader.m */; };
		E438847D1BD13D3A00A20D36 /* MJRefresh.bundle in Resources */ = {isa = PBXBuildFile; fileRef = E43884651BD13D3A00A20D36 /* MJRefresh.bundle */; };
		E438847E1BD13D3A00A20D36 /* MJRefreshConst.m in Sources */ = {isa = PBXBuildFile; fileRef = E43884681BD13D3A00A20D36 /* MJRefreshConst.m */; };
		E438847F1BD13D3A00A20D36 /* UIScrollView+MJExtension.m in Sources */ = {isa = PBXBuildFile; fileRef = E438846A1BD13D3A00A20D36 /* UIScrollView+MJExtension.m */; };
		E43884801BD13D3A00A20D36 /* UIScrollView+MJRefresh.m in Sources */ = {isa = PBXBuildFile; fileRef = E438846C1BD13D3A00A20D36 /* UIScrollView+MJRefresh.m */; };
		E43884811BD13D3A00A20D36 /* UIView+MJExtension.m in Sources */ = {isa = PBXBuildFile; fileRef = E438846E1BD13D3A00A20D36 /* UIView+MJExtension.m */; };
		E4388FE71BCE51C0003AD589 /* ATMyTableViewController.m in Sources */ = {isa = PBXBuildFile; fileRef = E4388FE61BCE51C0003AD589 /* ATMyTableViewController.m */; };
		E43890021BCE87CC003AD589 /* ATBaseViewController.m in Sources */ = {isa = PBXBuildFile; fileRef = E43890011BCE87CC003AD589 /* ATBaseViewController.m */; };
		E43890041BCE896B003AD589 /* Main.storyboard in Resources */ = {isa = PBXBuildFile; fileRef = E43890031BCE896B003AD589 /* Main.storyboard */; };
		E438900A1BCE8BAC003AD589 /* ATSquareViewController.m in Sources */ = {isa = PBXBuildFile; fileRef = E43890091BCE8BAC003AD589 /* ATSquareViewController.m */; };
		E43890101BCE8CEA003AD589 /* ATTabBarViewController.m in Sources */ = {isa = PBXBuildFile; fileRef = E438900F1BCE8CEA003AD589 /* ATTabBarViewController.m */; };
		E441CDB01BCE25C1007702E7 /* ATLoginRequires.m in Sources */ = {isa = PBXBuildFile; fileRef = E441CDAF1BCE25C1007702E7 /* ATLoginRequires.m */; };
		E441CDB31BCE25FD007702E7 /* BLMultipartForm.m in Sources */ = {isa = PBXBuildFile; fileRef = E441CDB21BCE25FD007702E7 /* BLMultipartForm.m */; };
		E441CDB61BCE2665007702E7 /* ATUserModel.m in Sources */ = {isa = PBXBuildFile; fileRef = E441CDB51BCE2665007702E7 /* ATUserModel.m */; };
		E441CDB91BCE2794007702E7 /* ATLoginRequireParser.m in Sources */ = {isa = PBXBuildFile; fileRef = E441CDB81BCE2794007702E7 /* ATLoginRequireParser.m */; };
		E441CDBC1BCE368C007702E7 /* ATRegisterRequires.m in Sources */ = {isa = PBXBuildFile; fileRef = E441CDBB1BCE368C007702E7 /* ATRegisterRequires.m */; };
		E441CDC21BCE3832007702E7 /* ATRegisterRequireParser.m in Sources */ = {isa = PBXBuildFile; fileRef = E441CDC11BCE3832007702E7 /* ATRegisterRequireParser.m */; };
		E44FB5C21BFD690E002CE4FF /* ATPhotoDetailModel.m in Sources */ = {isa = PBXBuildFile; fileRef = E44FB5C11BFD690E002CE4FF /* ATPhotoDetailModel.m */; };
		E44FB5C51BFD69A1002CE4FF /* ATPhotoDetailRequestParser.m in Sources */ = {isa = PBXBuildFile; fileRef = E44FB5C41BFD69A1002CE4FF /* ATPhotoDetailRequestParser.m */; };
		E458B8CA1BD3D69300379C52 /* KxMenu.m in Sources */ = {isa = PBXBuildFile; fileRef = E458B8C91BD3D69300379C52 /* KxMenu.m */; };
		E46063391BCF8BFD00CA6F20 /* ATNavigationViewController.m in Sources */ = {isa = PBXBuildFile; fileRef = E46063381BCF8BFD00CA6F20 /* ATNavigationViewController.m */; };
		E4634B121BD46E13008F8793 /* ATSquareTableViewCell.m in Sources */ = {isa = PBXBuildFile; fileRef = E4634B111BD46E13008F8793 /* ATSquareTableViewCell.m */; };
		E4634B151BD46FE7008F8793 /* ATSquareCollectionViewCell.m in Sources */ = {isa = PBXBuildFile; fileRef = E4634B141BD46FE7008F8793 /* ATSquareCollectionViewCell.m */; };
		E4634B181BD4782C008F8793 /* ATPhotoDetailViewController.m in Sources */ = {isa = PBXBuildFile; fileRef = E4634B171BD4782C008F8793 /* ATPhotoDetailViewController.m */; };
		E4634B1F1BD48A73008F8793 /* ATSquareRequest.m in Sources */ = {isa = PBXBuildFile; fileRef = E4634B1E1BD48A73008F8793 /* ATSquareRequest.m */; };
		E4634B221BD48AB1008F8793 /* ATSquareModel.m in Sources */ = {isa = PBXBuildFile; fileRef = E4634B211BD48AB1008F8793 /* ATSquareModel.m */; };
		E4634B251BD48C0C008F8793 /* ATSquareRequestParser.m in Sources */ = {isa = PBXBuildFile; fileRef = E4634B241BD48C0C008F8793 /* ATSquareRequestParser.m */; };
		E46790061BCD2DC900C39944 /* ATLoginViewController.m in Sources */ = {isa = PBXBuildFile; fileRef = E46790031BCD2DC900C39944 /* ATLoginViewController.m */; };
		E46790071BCD2DC900C39944 /* ATRegisterViewController.m in Sources */ = {isa = PBXBuildFile; fileRef = E46790051BCD2DC900C39944 /* ATRegisterViewController.m */; };
		E484161F1BCCCC02008FC68E /* ATMoran_IOSTests.m in Sources */ = {isa = PBXBuildFile; fileRef = E484161E1BCCCC02008FC68E /* ATMoran_IOSTests.m */; };
		E484162A1BCCCC02008FC68E /* ATMoran_IOSUITests.m in Sources */ = {isa = PBXBuildFile; fileRef = E48416291BCCCC02008FC68E /* ATMoran_IOSUITests.m */; };
		E48416481BCCD2CC008FC68E /* AppDelegate.m in Sources */ = {isa = PBXBuildFile; fileRef = E484163B1BCCD2CC008FC68E /* AppDelegate.m */; };
		E48416491BCCD2CC008FC68E /* Assets.xcassets in Resources */ = {isa = PBXBuildFile; fileRef = E48416441BCCD2CC008FC68E /* Assets.xcassets */; };
		E484164B1BCCD2CC008FC68E /* main.m in Sources */ = {isa = PBXBuildFile; fileRef = E48416471BCCD2CC008FC68E /* main.m */; };
		E48416541BCCDD67008FC68E /* Main.xcassets in Resources */ = {isa = PBXBuildFile; fileRef = E48416531BCCDD67008FC68E /* Main.xcassets */; };
		E48416581BCCDDC9008FC68E /* ATLoginAndRegister.storyboard in Resources */ = {isa = PBXBuildFile; fileRef = E48416571BCCDDC9008FC68E /* ATLoginAndRegister.storyboard */; };
		E4D3AF961BD0FF8D0007D6CD /* SVProgressHUD.bundle in Resources */ = {isa = PBXBuildFile; fileRef = E4D3AF931BD0FF8D0007D6CD /* SVProgressHUD.bundle */; };
		E4D3AF971BD0FF8D0007D6CD /* SVProgressHUD.m in Sources */ = {isa = PBXBuildFile; fileRef = E4D3AF951BD0FF8D0007D6CD /* SVProgressHUD.m */; };
		E4DE55CA1BD1F1FE0039E2DB /* ATGlobal.m in Sources */ = {isa = PBXBuildFile; fileRef = E4DE55C91BD1F1FE0039E2DB /* ATGlobal.m */; };
		E4DE55CD1BD1F7960039E2DB /* ATHomePageViewController.m in Sources */ = {isa = PBXBuildFile; fileRef = E4DE55CC1BD1F7960039E2DB /* ATHomePageViewController.m */; };
		E4DE55D01BD1F9BB0039E2DB /* ATGetHeadImageRequest.m in Sources */ = {isa = PBXBuildFile; fileRef = E4DE55CF1BD1F9BB0039E2DB /* ATGetHeadImageRequest.m */; };
		E4DE55D51BD1FE060039E2DB /* ATRenameRequest.m in Sources */ = {isa = PBXBuildFile; fileRef = E4DE55D41BD1FE060039E2DB /* ATRenameRequest.m */; };
		E4DE55D81BD1FFFD0039E2DB /* ATReImageRequest.m in Sources */ = {isa = PBXBuildFile; fileRef = E4DE55D71BD1FFFD0039E2DB /* ATReImageRequest.m */; };
/* End PBXBuildFile section */

/* Begin PBXContainerItemProxy section */
		E484161B1BCCCC02008FC68E /* PBXContainerItemProxy */ = {
			isa = PBXContainerItemProxy;
			containerPortal = E48415F91BCCCC01008FC68E /* Project object */;
			proxyType = 1;
			remoteGlobalIDString = E48416001BCCCC01008FC68E;
			remoteInfo = ATMoran_IOS;
		};
		E48416261BCCCC02008FC68E /* PBXContainerItemProxy */ = {
			isa = PBXContainerItemProxy;
			containerPortal = E48415F91BCCCC01008FC68E /* Project object */;
			proxyType = 1;
			remoteGlobalIDString = E48416001BCCCC01008FC68E;
			remoteInfo = ATMoran_IOS;
		};
/* End PBXContainerItemProxy section */

/* Begin PBXFileReference section */
		E410BEF01BD4ED5A00935252 /* ATpictureModel.h */ = {isa = PBXFileReference; fileEncoding = 4; lastKnownFileType = sourcecode.c.h; path = ATpictureModel.h; sourceTree = "<group>"; };
		E410BEF11BD4ED5A00935252 /* ATpictureModel.m */ = {isa = PBXFileReference; fileEncoding = 4; lastKnownFileType = sourcecode.c.objc; path = ATpictureModel.m; sourceTree = "<group>"; };
		E410BEF41BD4EF8D00935252 /* MKAnnotationView+WebCache.h */ = {isa = PBXFileReference; fileEncoding = 4; lastKnownFileType = sourcecode.c.h; path = "MKAnnotationView+WebCache.h"; sourceTree = "<group>"; };
		E410BEF51BD4EF8D00935252 /* MKAnnotationView+WebCache.m */ = {isa = PBXFileReference; fileEncoding = 4; lastKnownFileType = sourcecode.c.objc; path = "MKAnnotationView+WebCache.m"; sourceTree = "<group>"; };
		E410BEF61BD4EF8D00935252 /* NSData+ImageContentType.h */ = {isa = PBXFileReference; fileEncoding = 4; lastKnownFileType = sourcecode.c.h; path = "NSData+ImageContentType.h"; sourceTree = "<group>"; };
		E410BEF71BD4EF8D00935252 /* NSData+ImageContentType.m */ = {isa = PBXFileReference; fileEncoding = 4; lastKnownFileType = sourcecode.c.objc; path = "NSData+ImageContentType.m"; sourceTree = "<group>"; };
		E410BEF81BD4EF8D00935252 /* SDImageCache.h */ = {isa = PBXFileReference; fileEncoding = 4; lastKnownFileType = sourcecode.c.h; path = SDImageCache.h; sourceTree = "<group>"; };
		E410BEF91BD4EF8D00935252 /* SDImageCache.m */ = {isa = PBXFileReference; fileEncoding = 4; lastKnownFileType = sourcecode.c.objc; path = SDImageCache.m; sourceTree = "<group>"; };
		E410BEFA1BD4EF8D00935252 /* SDWebImageCompat.h */ = {isa = PBXFileReference; fileEncoding = 4; lastKnownFileType = sourcecode.c.h; path = SDWebImageCompat.h; sourceTree = "<group>"; };
		E410BEFB1BD4EF8D00935252 /* SDWebImageCompat.m */ = {isa = PBXFileReference; fileEncoding = 4; lastKnownFileType = sourcecode.c.objc; path = SDWebImageCompat.m; sourceTree = "<group>"; };
		E410BEFC1BD4EF8D00935252 /* SDWebImageDecoder.h */ = {isa = PBXFileReference; fileEncoding = 4; lastKnownFileType = sourcecode.c.h; path = SDWebImageDecoder.h; sourceTree = "<group>"; };
		E410BEFD1BD4EF8D00935252 /* SDWebImageDecoder.m */ = {isa = PBXFileReference; fileEncoding = 4; lastKnownFileType = sourcecode.c.objc; path = SDWebImageDecoder.m; sourceTree = "<group>"; };
		E410BEFE1BD4EF8D00935252 /* SDWebImageDownloader.h */ = {isa = PBXFileReference; fileEncoding = 4; lastKnownFileType = sourcecode.c.h; path = SDWebImageDownloader.h; sourceTree = "<group>"; };
		E410BEFF1BD4EF8E00935252 /* SDWebImageDownloader.m */ = {isa = PBXFileReference; fileEncoding = 4; lastKnownFileType = sourcecode.c.objc; path = SDWebImageDownloader.m; sourceTree = "<group>"; };
		E410BF001BD4EF8E00935252 /* SDWebImageDownloaderOperation.h */ = {isa = PBXFileReference; fileEncoding = 4; lastKnownFileType = sourcecode.c.h; path = SDWebImageDownloaderOperation.h; sourceTree = "<group>"; };
		E410BF011BD4EF8E00935252 /* SDWebImageDownloaderOperation.m */ = {isa = PBXFileReference; fileEncoding = 4; lastKnownFileType = sourcecode.c.objc; path = SDWebImageDownloaderOperation.m; sourceTree = "<group>"; };
		E410BF021BD4EF8E00935252 /* SDWebImageManager.h */ = {isa = PBXFileReference; fileEncoding = 4; lastKnownFileType = sourcecode.c.h; path = SDWebImageManager.h; sourceTree = "<group>"; };
		E410BF031BD4EF8E00935252 /* SDWebImageManager.m */ = {isa = PBXFileReference; fileEncoding = 4; lastKnownFileType = sourcecode.c.objc; path = SDWebImageManager.m; sourceTree = "<group>"; };
		E410BF041BD4EF8E00935252 /* SDWebImageOperation.h */ = {isa = PBXFileReference; fileEncoding = 4; lastKnownFileType = sourcecode.c.h; path = SDWebImageOperation.h; sourceTree = "<group>"; };
		E410BF051BD4EF8E00935252 /* SDWebImagePrefetcher.h */ = {isa = PBXFileReference; fileEncoding = 4; lastKnownFileType = sourcecode.c.h; path = SDWebImagePrefetcher.h; sourceTree = "<group>"; };
		E410BF061BD4EF8E00935252 /* SDWebImagePrefetcher.m */ = {isa = PBXFileReference; fileEncoding = 4; lastKnownFileType = sourcecode.c.objc; path = SDWebImagePrefetcher.m; sourceTree = "<group>"; };
		E410BF071BD4EF8E00935252 /* UIButton+WebCache.h */ = {isa = PBXFileReference; fileEncoding = 4; lastKnownFileType = sourcecode.c.h; path = "UIButton+WebCache.h"; sourceTree = "<group>"; };
		E410BF081BD4EF8E00935252 /* UIButton+WebCache.m */ = {isa = PBXFileReference; fileEncoding = 4; lastKnownFileType = sourcecode.c.objc; path = "UIButton+WebCache.m"; sourceTree = "<group>"; };
		E410BF091BD4EF8E00935252 /* UIImage+GIF.h */ = {isa = PBXFileReference; fileEncoding = 4; lastKnownFileType = sourcecode.c.h; path = "UIImage+GIF.h"; sourceTree = "<group>"; };
		E410BF0A1BD4EF8E00935252 /* UIImage+GIF.m */ = {isa = PBXFileReference; fileEncoding = 4; lastKnownFileType = sourcecode.c.objc; path = "UIImage+GIF.m"; sourceTree = "<group>"; };
		E410BF0B1BD4EF8E00935252 /* UIImage+MultiFormat.h */ = {isa = PBXFileReference; fileEncoding = 4; lastKnownFileType = sourcecode.c.h; path = "UIImage+MultiFormat.h"; sourceTree = "<group>"; };
		E410BF0C1BD4EF8E00935252 /* UIImage+MultiFormat.m */ = {isa = PBXFileReference; fileEncoding = 4; lastKnownFileType = sourcecode.c.objc; path = "UIImage+MultiFormat.m"; sourceTree = "<group>"; };
		E410BF0D1BD4EF8E00935252 /* UIImage+WebP.h */ = {isa = PBXFileReference; fileEncoding = 4; lastKnownFileType = sourcecode.c.h; path = "UIImage+WebP.h"; sourceTree = "<group>"; };
		E410BF0E1BD4EF8E00935252 /* UIImage+WebP.m */ = {isa = PBXFileReference; fileEncoding = 4; lastKnownFileType = sourcecode.c.objc; path = "UIImage+WebP.m"; sourceTree = "<group>"; };
		E410BF0F1BD4EF8E00935252 /* UIImageView+HighlightedWebCache.h */ = {isa = PBXFileReference; fileEncoding = 4; lastKnownFileType = sourcecode.c.h; path = "UIImageView+HighlightedWebCache.h"; sourceTree = "<group>"; };
		E410BF101BD4EF8E00935252 /* UIImageView+HighlightedWebCache.m */ = {isa = PBXFileReference; fileEncoding = 4; lastKnownFileType = sourcecode.c.objc; path = "UIImageView+HighlightedWebCache.m"; sourceTree = "<group>"; };
		E410BF111BD4EF8E00935252 /* UIImageView+WebCache.h */ = {isa = PBXFileReference; fileEncoding = 4; lastKnownFileType = sourcecode.c.h; path = "UIImageView+WebCache.h"; sourceTree = "<group>"; };
		E410BF121BD4EF8E00935252 /* UIImageView+WebCache.m */ = {isa = PBXFileReference; fileEncoding = 4; lastKnownFileType = sourcecode.c.objc; path = "UIImageView+WebCache.m"; sourceTree = "<group>"; };
		E410BF131BD4EF8E00935252 /* UIView+WebCacheOperation.h */ = {isa = PBXFileReference; fileEncoding = 4; lastKnownFileType = sourcecode.c.h; path = "UIView+WebCacheOperation.h"; sourceTree = "<group>"; };
		E410BF141BD4EF8E00935252 /* UIView+WebCacheOperation.m */ = {isa = PBXFileReference; fileEncoding = 4; lastKnownFileType = sourcecode.c.objc; path = "UIView+WebCacheOperation.m"; sourceTree = "<group>"; };
		E410BF251BD4F1AA00935252 /* ATPhotoDetailRequest.h */ = {isa = PBXFileReference; fileEncoding = 4; lastKnownFileType = sourcecode.c.h; path = ATPhotoDetailRequest.h; sourceTree = "<group>"; };
		E410BF261BD4F1AA00935252 /* ATPhotoDetailRequest.m */ = {isa = PBXFileReference; fileEncoding = 4; lastKnownFileType = sourcecode.c.objc; path = ATPhotoDetailRequest.m; sourceTree = "<group>"; };
		E410BF281BD5178000935252 /* ATPublishViewController.h */ = {isa = PBXFileReference; fileEncoding = 4; lastKnownFileType = sourcecode.c.h; path = ATPublishViewController.h; sourceTree = "<group>"; };
		E410BF291BD5178000935252 /* ATPublishViewController.m */ = {isa = PBXFileReference; fileEncoding = 4; lastKnownFileType = sourcecode.c.objc; path = ATPublishViewController.m; sourceTree = "<group>"; };
		E410BF2E1BD5180300935252 /* ATPublishRequest.h */ = {isa = PBXFileReference; fileEncoding = 4; lastKnownFileType = sourcecode.c.h; path = ATPublishRequest.h; sourceTree = "<group>"; };
		E410BF2F1BD5180300935252 /* ATPublishRequest.m */ = {isa = PBXFileReference; fileEncoding = 4; lastKnownFileType = sourcecode.c.objc; path = ATPublishRequest.m; sourceTree = "<group>"; };
		E410BF311BD5185200935252 /* ATPublishRequestParser.h */ = {isa = PBXFileReference; fileEncoding = 4; lastKnownFileType = sourcecode.c.h; path = ATPublishRequestParser.h; sourceTree = "<group>"; };
		E410BF321BD5185200935252 /* ATPublishRequestParser.m */ = {isa = PBXFileReference; fileEncoding = 4; lastKnownFileType = sourcecode.c.objc; path = ATPublishRequestParser.m; sourceTree = "<group>"; };
		E410BF341BD5188D00935252 /* ATPublishModel.h */ = {isa = PBXFileReference; fileEncoding = 4; lastKnownFileType = sourcecode.c.h; path = ATPublishModel.h; sourceTree = "<group>"; };
		E410BF351BD5188D00935252 /* ATPublishModel.m */ = {isa = PBXFileReference; fileEncoding = 4; lastKnownFileType = sourcecode.c.objc; path = ATPublishModel.m; sourceTree = "<group>"; };
		E410BF3D1BD66C5000935252 /* ATLocationManager.h */ = {isa = PBXFileReference; fileEncoding = 4; lastKnownFileType = sourcecode.c.h; path = ATLocationManager.h; sourceTree = "<group>"; };
		E410BF3E1BD66C5000935252 /* ATLocationManager.m */ = {isa = PBXFileReference; fileEncoding = 4; lastKnownFileType = sourcecode.c.objc; path = ATLocationManager.m; sourceTree = "<group>"; };
		E4370C5E1BD01F480099A880 /* ATNickNameViewController.h */ = {isa = PBXFileReference; fileEncoding = 4; lastKnownFileType = sourcecode.c.h; path = ATNickNameViewController.h; sourceTree = "<group>"; };
		E4370C5F1BD01F480099A880 /* ATNickNameViewController.m */ = {isa = PBXFileReference; fileEncoding = 4; lastKnownFileType = sourcecode.c.objc; path = ATNickNameViewController.m; sourceTree = "<group>"; };
		E4370C611BD032550099A880 /* ATHeadImageViewController.h */ = {isa = PBXFileReference; fileEncoding = 4; lastKnownFileType = sourcecode.c.h; path = ATHeadImageViewController.h; sourceTree = "<group>"; };
		E4370C621BD032550099A880 /* ATHeadImageViewController.m */ = {isa = PBXFileReference; fileEncoding = 4; lastKnownFileType = sourcecode.c.objc; path = ATHeadImageViewController.m; sourceTree = "<group>"; };
		E43884441BD13D3A00A20D36 /* MJRefreshAutoFooter.h */ = {isa = PBXFileReference; fileEncoding = 4; lastKnownFileType = sourcecode.c.h; path = MJRefreshAutoFooter.h; sourceTree = "<group>"; };
		E43884451BD13D3A00A20D36 /* MJRefreshAutoFooter.m */ = {isa = PBXFileReference; fileEncoding = 4; lastKnownFileType = sourcecode.c.objc; path = MJRefreshAutoFooter.m; sourceTree = "<group>"; };
		E43884461BD13D3A00A20D36 /* MJRefreshBackFooter.h */ = {isa = PBXFileReference; fileEncoding = 4; lastKnownFileType = sourcecode.c.h; path = MJRefreshBackFooter.h; sourceTree = "<group>"; };
		E43884471BD13D3A00A20D36 /* MJRefreshBackFooter.m */ = {isa = PBXFileReference; fileEncoding = 4; lastKnownFileType = sourcecode.c.objc; path = MJRefreshBackFooter.m; sourceTree = "<group>"; };
		E43884481BD13D3A00A20D36 /* MJRefreshComponent.h */ = {isa = PBXFileReference; fileEncoding = 4; lastKnownFileType = sourcecode.c.h; path = MJRefreshComponent.h; sourceTree = "<group>"; };
		E43884491BD13D3A00A20D36 /* MJRefreshComponent.m */ = {isa = PBXFileReference; fileEncoding = 4; lastKnownFileType = sourcecode.c.objc; path = MJRefreshComponent.m; sourceTree = "<group>"; };
		E438844A1BD13D3A00A20D36 /* MJRefreshFooter.h */ = {isa = PBXFileReference; fileEncoding = 4; lastKnownFileType = sourcecode.c.h; path = MJRefreshFooter.h; sourceTree = "<group>"; };
		E438844B1BD13D3A00A20D36 /* MJRefreshFooter.m */ = {isa = PBXFileReference; fileEncoding = 4; lastKnownFileType = sourcecode.c.objc; path = MJRefreshFooter.m; sourceTree = "<group>"; };
		E438844C1BD13D3A00A20D36 /* MJRefreshHeader.h */ = {isa = PBXFileReference; fileEncoding = 4; lastKnownFileType = sourcecode.c.h; path = MJRefreshHeader.h; sourceTree = "<group>"; };
		E438844D1BD13D3A00A20D36 /* MJRefreshHeader.m */ = {isa = PBXFileReference; fileEncoding = 4; lastKnownFileType = sourcecode.c.objc; path = MJRefreshHeader.m; sourceTree = "<group>"; };
		E43884511BD13D3A00A20D36 /* MJRefreshAutoGifFooter.h */ = {isa = PBXFileReference; fileEncoding = 4; lastKnownFileType = sourcecode.c.h; path = MJRefreshAutoGifFooter.h; sourceTree = "<group>"; };
		E43884521BD13D3A00A20D36 /* MJRefreshAutoGifFooter.m */ = {isa = PBXFileReference; fileEncoding = 4; lastKnownFileType = sourcecode.c.objc; path = MJRefreshAutoGifFooter.m; sourceTree = "<group>"; };
		E43884531BD13D3A00A20D36 /* MJRefreshAutoNormalFooter.h */ = {isa = PBXFileReference; fileEncoding = 4; lastKnownFileType = sourcecode.c.h; path = MJRefreshAutoNormalFooter.h; sourceTree = "<group>"; };
		E43884541BD13D3A00A20D36 /* MJRefreshAutoNormalFooter.m */ = {isa = PBXFileReference; fileEncoding = 4; lastKnownFileType = sourcecode.c.objc; path = MJRefreshAutoNormalFooter.m; sourceTree = "<group>"; };
		E43884551BD13D3A00A20D36 /* MJRefreshAutoStateFooter.h */ = {isa = PBXFileReference; fileEncoding = 4; lastKnownFileType = sourcecode.c.h; path = MJRefreshAutoStateFooter.h; sourceTree = "<group>"; };
		E43884561BD13D3A00A20D36 /* MJRefreshAutoStateFooter.m */ = {isa = PBXFileReference; fileEncoding = 4; lastKnownFileType = sourcecode.c.objc; path = MJRefreshAutoStateFooter.m; sourceTree = "<group>"; };
		E43884581BD13D3A00A20D36 /* MJRefreshBackGifFooter.h */ = {isa = PBXFileReference; fileEncoding = 4; lastKnownFileType = sourcecode.c.h; path = MJRefreshBackGifFooter.h; sourceTree = "<group>"; };
		E43884591BD13D3A00A20D36 /* MJRefreshBackGifFooter.m */ = {isa = PBXFileReference; fileEncoding = 4; lastKnownFileType = sourcecode.c.objc; path = MJRefreshBackGifFooter.m; sourceTree = "<group>"; };
		E438845A1BD13D3A00A20D36 /* MJRefreshBackNormalFooter.h */ = {isa = PBXFileReference; fileEncoding = 4; lastKnownFileType = sourcecode.c.h; path = MJRefreshBackNormalFooter.h; sourceTree = "<group>"; };
		E438845B1BD13D3A00A20D36 /* MJRefreshBackNormalFooter.m */ = {isa = PBXFileReference; fileEncoding = 4; lastKnownFileType = sourcecode.c.objc; path = MJRefreshBackNormalFooter.m; sourceTree = "<group>"; };
		E438845C1BD13D3A00A20D36 /* MJRefreshBackStateFooter.h */ = {isa = PBXFileReference; fileEncoding = 4; lastKnownFileType = sourcecode.c.h; path = MJRefreshBackStateFooter.h; sourceTree = "<group>"; };
		E438845D1BD13D3A00A20D36 /* MJRefreshBackStateFooter.m */ = {isa = PBXFileReference; fileEncoding = 4; lastKnownFileType = sourcecode.c.objc; path = MJRefreshBackStateFooter.m; sourceTree = "<group>"; };
		E438845F1BD13D3A00A20D36 /* MJRefreshGifHeader.h */ = {isa = PBXFileReference; fileEncoding = 4; lastKnownFileType = sourcecode.c.h; path = MJRefreshGifHeader.h; sourceTree = "<group>"; };
		E43884601BD13D3A00A20D36 /* MJRefreshGifHeader.m */ = {isa = PBXFileReference; fileEncoding = 4; lastKnownFileType = sourcecode.c.objc; path = MJRefreshGifHeader.m; sourceTree = "<group>"; };
		E43884611BD13D3A00A20D36 /* MJRefreshNormalHeader.h */ = {isa = PBXFileReference; fileEncoding = 4; lastKnownFileType = sourcecode.c.h; path = MJRefreshNormalHeader.h; sourceTree = "<group>"; };
		E43884621BD13D3A00A20D36 /* MJRefreshNormalHeader.m */ = {isa = PBXFileReference; fileEncoding = 4; lastKnownFileType = sourcecode.c.objc; path = MJRefreshNormalHeader.m; sourceTree = "<group>"; };
		E43884631BD13D3A00A20D36 /* MJRefreshStateHeader.h */ = {isa = PBXFileReference; fileEncoding = 4; lastKnownFileType = sourcecode.c.h; path = MJRefreshStateHeader.h; sourceTree = "<group>"; };
		E43884641BD13D3A00A20D36 /* MJRefreshStateHeader.m */ = {isa = PBXFileReference; fileEncoding = 4; lastKnownFileType = sourcecode.c.objc; path = MJRefreshStateHeader.m; sourceTree = "<group>"; };
		E43884651BD13D3A00A20D36 /* MJRefresh.bundle */ = {isa = PBXFileReference; lastKnownFileType = "wrapper.plug-in"; path = MJRefresh.bundle; sourceTree = "<group>"; };
		E43884661BD13D3A00A20D36 /* MJRefresh.h */ = {isa = PBXFileReference; fileEncoding = 4; lastKnownFileType = sourcecode.c.h; path = MJRefresh.h; sourceTree = "<group>"; };
		E43884671BD13D3A00A20D36 /* MJRefreshConst.h */ = {isa = PBXFileReference; fileEncoding = 4; lastKnownFileType = sourcecode.c.h; path = MJRefreshConst.h; sourceTree = "<group>"; };
		E43884681BD13D3A00A20D36 /* MJRefreshConst.m */ = {isa = PBXFileReference; fileEncoding = 4; lastKnownFileType = sourcecode.c.objc; path = MJRefreshConst.m; sourceTree = "<group>"; };
		E43884691BD13D3A00A20D36 /* UIScrollView+MJExtension.h */ = {isa = PBXFileReference; fileEncoding = 4; lastKnownFileType = sourcecode.c.h; path = "UIScrollView+MJExtension.h"; sourceTree = "<group>"; };
		E438846A1BD13D3A00A20D36 /* UIScrollView+MJExtension.m */ = {isa = PBXFileReference; fileEncoding = 4; lastKnownFileType = sourcecode.c.objc; path = "UIScrollView+MJExtension.m"; sourceTree = "<group>"; };
		E438846B1BD13D3A00A20D36 /* UIScrollView+MJRefresh.h */ = {isa = PBXFileReference; fileEncoding = 4; lastKnownFileType = sourcecode.c.h; path = "UIScrollView+MJRefresh.h"; sourceTree = "<group>"; };
		E438846C1BD13D3A00A20D36 /* UIScrollView+MJRefresh.m */ = {isa = PBXFileReference; fileEncoding = 4; lastKnownFileType = sourcecode.c.objc; path = "UIScrollView+MJRefresh.m"; sourceTree = "<group>"; };
		E438846D1BD13D3A00A20D36 /* UIView+MJExtension.h */ = {isa = PBXFileReference; fileEncoding = 4; lastKnownFileType = sourcecode.c.h; path = "UIView+MJExtension.h"; sourceTree = "<group>"; };
		E438846E1BD13D3A00A20D36 /* UIView+MJExtension.m */ = {isa = PBXFileReference; fileEncoding = 4; lastKnownFileType = sourcecode.c.objc; path = "UIView+MJExtension.m"; sourceTree = "<group>"; };
		E4388FE51BCE51C0003AD589 /* ATMyTableViewController.h */ = {isa = PBXFileReference; fileEncoding = 4; lastKnownFileType = sourcecode.c.h; path = ATMyTableViewController.h; sourceTree = "<group>"; };
		E4388FE61BCE51C0003AD589 /* ATMyTableViewController.m */ = {isa = PBXFileReference; fileEncoding = 4; lastKnownFileType = sourcecode.c.objc; path = ATMyTableViewController.m; sourceTree = "<group>"; };
		E43890001BCE87CC003AD589 /* ATBaseViewController.h */ = {isa = PBXFileReference; fileEncoding = 4; lastKnownFileType = sourcecode.c.h; path = ATBaseViewController.h; sourceTree = "<group>"; };
		E43890011BCE87CC003AD589 /* ATBaseViewController.m */ = {isa = PBXFileReference; fileEncoding = 4; lastKnownFileType = sourcecode.c.objc; path = ATBaseViewController.m; sourceTree = "<group>"; };
		E43890031BCE896B003AD589 /* Main.storyboard */ = {isa = PBXFileReference; fileEncoding = 4; lastKnownFileType = file.storyboard; path = Main.storyboard; sourceTree = "<group>"; };
		E43890081BCE8BAC003AD589 /* ATSquareViewController.h */ = {isa = PBXFileReference; fileEncoding = 4; lastKnownFileType = sourcecode.c.h; path = ATSquareViewController.h; sourceTree = "<group>"; };
		E43890091BCE8BAC003AD589 /* ATSquareViewController.m */ = {isa = PBXFileReference; fileEncoding = 4; lastKnownFileType = sourcecode.c.objc; path = ATSquareViewController.m; sourceTree = "<group>"; };
		E438900E1BCE8CEA003AD589 /* ATTabBarViewController.h */ = {isa = PBXFileReference; fileEncoding = 4; lastKnownFileType = sourcecode.c.h; path = ATTabBarViewController.h; sourceTree = "<group>"; };
		E438900F1BCE8CEA003AD589 /* ATTabBarViewController.m */ = {isa = PBXFileReference; fileEncoding = 4; lastKnownFileType = sourcecode.c.objc; path = ATTabBarViewController.m; sourceTree = "<group>"; };
		E441CDAE1BCE25C1007702E7 /* ATLoginRequires.h */ = {isa = PBXFileReference; fileEncoding = 4; lastKnownFileType = sourcecode.c.h; path = ATLoginRequires.h; sourceTree = "<group>"; };
		E441CDAF1BCE25C1007702E7 /* ATLoginRequires.m */ = {isa = PBXFileReference; fileEncoding = 4; lastKnownFileType = sourcecode.c.objc; path = ATLoginRequires.m; sourceTree = "<group>"; };
		E441CDB11BCE25FD007702E7 /* BLMultipartForm.h */ = {isa = PBXFileReference; fileEncoding = 4; lastKnownFileType = sourcecode.c.h; path = BLMultipartForm.h; sourceTree = "<group>"; };
		E441CDB21BCE25FD007702E7 /* BLMultipartForm.m */ = {isa = PBXFileReference; fileEncoding = 4; lastKnownFileType = sourcecode.c.objc; path = BLMultipartForm.m; sourceTree = "<group>"; };
		E441CDB41BCE2665007702E7 /* ATUserModel.h */ = {isa = PBXFileReference; fileEncoding = 4; lastKnownFileType = sourcecode.c.h; path = ATUserModel.h; sourceTree = "<group>"; };
		E441CDB51BCE2665007702E7 /* ATUserModel.m */ = {isa = PBXFileReference; fileEncoding = 4; lastKnownFileType = sourcecode.c.objc; path = ATUserModel.m; sourceTree = "<group>"; };
		E441CDB71BCE2794007702E7 /* ATLoginRequireParser.h */ = {isa = PBXFileReference; fileEncoding = 4; lastKnownFileType = sourcecode.c.h; path = ATLoginRequireParser.h; sourceTree = "<group>"; };
		E441CDB81BCE2794007702E7 /* ATLoginRequireParser.m */ = {isa = PBXFileReference; fileEncoding = 4; lastKnownFileType = sourcecode.c.objc; path = ATLoginRequireParser.m; sourceTree = "<group>"; };
		E441CDBA1BCE368C007702E7 /* ATRegisterRequires.h */ = {isa = PBXFileReference; fileEncoding = 4; lastKnownFileType = sourcecode.c.h; path = ATRegisterRequires.h; sourceTree = "<group>"; };
		E441CDBB1BCE368C007702E7 /* ATRegisterRequires.m */ = {isa = PBXFileReference; fileEncoding = 4; lastKnownFileType = sourcecode.c.objc; path = ATRegisterRequires.m; sourceTree = "<group>"; };
		E441CDC01BCE3832007702E7 /* ATRegisterRequireParser.h */ = {isa = PBXFileReference; fileEncoding = 4; lastKnownFileType = sourcecode.c.h; path = ATRegisterRequireParser.h; sourceTree = "<group>"; };
		E441CDC11BCE3832007702E7 /* ATRegisterRequireParser.m */ = {isa = PBXFileReference; fileEncoding = 4; lastKnownFileType = sourcecode.c.objc; path = ATRegisterRequireParser.m; sourceTree = "<group>"; };
		E44FB5C01BFD690E002CE4FF /* ATPhotoDetailModel.h */ = {isa = PBXFileReference; fileEncoding = 4; lastKnownFileType = sourcecode.c.h; path = ATPhotoDetailModel.h; sourceTree = "<group>"; };
		E44FB5C11BFD690E002CE4FF /* ATPhotoDetailModel.m */ = {isa = PBXFileReference; fileEncoding = 4; lastKnownFileType = sourcecode.c.objc; path = ATPhotoDetailModel.m; sourceTree = "<group>"; };
		E44FB5C31BFD69A1002CE4FF /* ATPhotoDetailRequestParser.h */ = {isa = PBXFileReference; fileEncoding = 4; lastKnownFileType = sourcecode.c.h; path = ATPhotoDetailRequestParser.h; sourceTree = "<group>"; };
		E44FB5C41BFD69A1002CE4FF /* ATPhotoDetailRequestParser.m */ = {isa = PBXFileReference; fileEncoding = 4; lastKnownFileType = sourcecode.c.objc; path = ATPhotoDetailRequestParser.m; sourceTree = "<group>"; };
		E458B8C81BD3D69300379C52 /* KxMenu.h */ = {isa = PBXFileReference; fileEncoding = 4; lastKnownFileType = sourcecode.c.h; path = KxMenu.h; sourceTree = "<group>"; };
		E458B8C91BD3D69300379C52 /* KxMenu.m */ = {isa = PBXFileReference; fileEncoding = 4; lastKnownFileType = sourcecode.c.objc; path = KxMenu.m; sourceTree = "<group>"; };
		E46063361BCF07D900CA6F20 /* GlobalTool.h */ = {isa = PBXFileReference; fileEncoding = 4; lastKnownFileType = sourcecode.c.h; path = GlobalTool.h; sourceTree = "<group>"; };
		E46063371BCF8BFD00CA6F20 /* ATNavigationViewController.h */ = {isa = PBXFileReference; fileEncoding = 4; lastKnownFileType = sourcecode.c.h; path = ATNavigationViewController.h; sourceTree = "<group>"; };
		E46063381BCF8BFD00CA6F20 /* ATNavigationViewController.m */ = {isa = PBXFileReference; fileEncoding = 4; lastKnownFileType = sourcecode.c.objc; path = ATNavigationViewController.m; sourceTree = "<group>"; };
		E4634B101BD46E13008F8793 /* ATSquareTableViewCell.h */ = {isa = PBXFileReference; fileEncoding = 4; lastKnownFileType = sourcecode.c.h; path = ATSquareTableViewCell.h; sourceTree = "<group>"; };
		E4634B111BD46E13008F8793 /* ATSquareTableViewCell.m */ = {isa = PBXFileReference; fileEncoding = 4; lastKnownFileType = sourcecode.c.objc; path = ATSquareTableViewCell.m; sourceTree = "<group>"; };
		E4634B131BD46FE7008F8793 /* ATSquareCollectionViewCell.h */ = {isa = PBXFileReference; fileEncoding = 4; lastKnownFileType = sourcecode.c.h; path = ATSquareCollectionViewCell.h; sourceTree = "<group>"; };
		E4634B141BD46FE7008F8793 /* ATSquareCollectionViewCell.m */ = {isa = PBXFileReference; fileEncoding = 4; lastKnownFileType = sourcecode.c.objc; path = ATSquareCollectionViewCell.m; sourceTree = "<group>"; };
		E4634B161BD4782C008F8793 /* ATPhotoDetailViewController.h */ = {isa = PBXFileReference; fileEncoding = 4; lastKnownFileType = sourcecode.c.h; path = ATPhotoDetailViewController.h; sourceTree = "<group>"; };
		E4634B171BD4782C008F8793 /* ATPhotoDetailViewController.m */ = {isa = PBXFileReference; fileEncoding = 4; lastKnownFileType = sourcecode.c.objc; path = ATPhotoDetailViewController.m; sourceTree = "<group>"; };
		E4634B1D1BD48A73008F8793 /* ATSquareRequest.h */ = {isa = PBXFileReference; fileEncoding = 4; lastKnownFileType = sourcecode.c.h; path = ATSquareRequest.h; sourceTree = "<group>"; };
		E4634B1E1BD48A73008F8793 /* ATSquareRequest.m */ = {isa = PBXFileReference; fileEncoding = 4; lastKnownFileType = sourcecode.c.objc; path = ATSquareRequest.m; sourceTree = "<group>"; };
		E4634B201BD48AB1008F8793 /* ATSquareModel.h */ = {isa = PBXFileReference; fileEncoding = 4; lastKnownFileType = sourcecode.c.h; path = ATSquareModel.h; sourceTree = "<group>"; };
		E4634B211BD48AB1008F8793 /* ATSquareModel.m */ = {isa = PBXFileReference; fileEncoding = 4; lastKnownFileType = sourcecode.c.objc; path = ATSquareModel.m; sourceTree = "<group>"; };
		E4634B231BD48C0C008F8793 /* ATSquareRequestParser.h */ = {isa = PBXFileReference; fileEncoding = 4; lastKnownFileType = sourcecode.c.h; path = ATSquareRequestParser.h; sourceTree = "<group>"; };
		E4634B241BD48C0C008F8793 /* ATSquareRequestParser.m */ = {isa = PBXFileReference; fileEncoding = 4; lastKnownFileType = sourcecode.c.objc; path = ATSquareRequestParser.m; sourceTree = "<group>"; };
		E46790021BCD2DC900C39944 /* ATLoginViewController.h */ = {isa = PBXFileReference; fileEncoding = 4; lastKnownFileType = sourcecode.c.h; path = ATLoginViewController.h; sourceTree = "<group>"; };
		E46790031BCD2DC900C39944 /* ATLoginViewController.m */ = {isa = PBXFileReference; fileEncoding = 4; lastKnownFileType = sourcecode.c.objc; path = ATLoginViewController.m; sourceTree = "<group>"; };
		E46790041BCD2DC900C39944 /* ATRegisterViewController.h */ = {isa = PBXFileReference; fileEncoding = 4; lastKnownFileType = sourcecode.c.h; path = ATRegisterViewController.h; sourceTree = "<group>"; };
		E46790051BCD2DC900C39944 /* ATRegisterViewController.m */ = {isa = PBXFileReference; fileEncoding = 4; lastKnownFileType = sourcecode.c.objc; path = ATRegisterViewController.m; sourceTree = "<group>"; };
		E48416011BCCCC02008FC68E /* ATMoran_IOS.app */ = {isa = PBXFileReference; explicitFileType = wrapper.application; includeInIndex = 0; path = ATMoran_IOS.app; sourceTree = BUILT_PRODUCTS_DIR; };
		E484161A1BCCCC02008FC68E /* ATMoran_IOSTests.xctest */ = {isa = PBXFileReference; explicitFileType = wrapper.cfbundle; includeInIndex = 0; path = ATMoran_IOSTests.xctest; sourceTree = BUILT_PRODUCTS_DIR; };
		E484161E1BCCCC02008FC68E /* ATMoran_IOSTests.m */ = {isa = PBXFileReference; lastKnownFileType = sourcecode.c.objc; path = ATMoran_IOSTests.m; sourceTree = "<group>"; };
		E48416201BCCCC02008FC68E /* Info.plist */ = {isa = PBXFileReference; lastKnownFileType = text.plist.xml; path = Info.plist; sourceTree = "<group>"; };
		E48416251BCCCC02008FC68E /* ATMoran_IOSUITests.xctest */ = {isa = PBXFileReference; explicitFileType = wrapper.cfbundle; includeInIndex = 0; path = ATMoran_IOSUITests.xctest; sourceTree = BUILT_PRODUCTS_DIR; };
		E48416291BCCCC02008FC68E /* ATMoran_IOSUITests.m */ = {isa = PBXFileReference; lastKnownFileType = sourcecode.c.objc; path = ATMoran_IOSUITests.m; sourceTree = "<group>"; };
		E484162B1BCCCC02008FC68E /* Info.plist */ = {isa = PBXFileReference; lastKnownFileType = text.plist.xml; path = Info.plist; sourceTree = "<group>"; };
		E484163A1BCCD2CC008FC68E /* AppDelegate.h */ = {isa = PBXFileReference; fileEncoding = 4; lastKnownFileType = sourcecode.c.h; path = AppDelegate.h; sourceTree = "<group>"; };
		E484163B1BCCD2CC008FC68E /* AppDelegate.m */ = {isa = PBXFileReference; fileEncoding = 4; lastKnownFileType = sourcecode.c.objc; path = AppDelegate.m; sourceTree = "<group>"; };
		E48416441BCCD2CC008FC68E /* Assets.xcassets */ = {isa = PBXFileReference; lastKnownFileType = folder.assetcatalog; path = Assets.xcassets; sourceTree = "<group>"; };
		E48416461BCCD2CC008FC68E /* Info.plist */ = {isa = PBXFileReference; fileEncoding = 4; lastKnownFileType = text.plist.xml; path = Info.plist; sourceTree = "<group>"; };
		E48416471BCCD2CC008FC68E /* main.m */ = {isa = PBXFileReference; fileEncoding = 4; lastKnownFileType = sourcecode.c.objc; path = main.m; sourceTree = "<group>"; };
		E48416531BCCDD67008FC68E /* Main.xcassets */ = {isa = PBXFileReference; lastKnownFileType = folder.assetcatalog; path = Main.xcassets; sourceTree = "<group>"; };
		E48416571BCCDDC9008FC68E /* ATLoginAndRegister.storyboard */ = {isa = PBXFileReference; fileEncoding = 4; lastKnownFileType = file.storyboard; path = ATLoginAndRegister.storyboard; sourceTree = "<group>"; };
		E4D3AF931BD0FF8D0007D6CD /* SVProgressHUD.bundle */ = {isa = PBXFileReference; lastKnownFileType = "wrapper.plug-in"; path = SVProgressHUD.bundle; sourceTree = "<group>"; };
		E4D3AF941BD0FF8D0007D6CD /* SVProgressHUD.h */ = {isa = PBXFileReference; fileEncoding = 4; lastKnownFileType = sourcecode.c.h; path = SVProgressHUD.h; sourceTree = "<group>"; };
		E4D3AF951BD0FF8D0007D6CD /* SVProgressHUD.m */ = {isa = PBXFileReference; fileEncoding = 4; lastKnownFileType = sourcecode.c.objc; path = SVProgressHUD.m; sourceTree = "<group>"; };
		E4DE55C81BD1F1FE0039E2DB /* ATGlobal.h */ = {isa = PBXFileReference; fileEncoding = 4; lastKnownFileType = sourcecode.c.h; path = ATGlobal.h; sourceTree = "<group>"; };
		E4DE55C91BD1F1FE0039E2DB /* ATGlobal.m */ = {isa = PBXFileReference; fileEncoding = 4; lastKnownFileType = sourcecode.c.objc; path = ATGlobal.m; sourceTree = "<group>"; };
		E4DE55CB1BD1F7960039E2DB /* ATHomePageViewController.h */ = {isa = PBXFileReference; fileEncoding = 4; lastKnownFileType = sourcecode.c.h; path = ATHomePageViewController.h; sourceTree = "<group>"; };
		E4DE55CC1BD1F7960039E2DB /* ATHomePageViewController.m */ = {isa = PBXFileReference; fileEncoding = 4; lastKnownFileType = sourcecode.c.objc; path = ATHomePageViewController.m; sourceTree = "<group>"; };
		E4DE55CE1BD1F9BB0039E2DB /* ATGetHeadImageRequest.h */ = {isa = PBXFileReference; fileEncoding = 4; lastKnownFileType = sourcecode.c.h; path = ATGetHeadImageRequest.h; sourceTree = "<group>"; };
		E4DE55CF1BD1F9BB0039E2DB /* ATGetHeadImageRequest.m */ = {isa = PBXFileReference; fileEncoding = 4; lastKnownFileType = sourcecode.c.objc; path = ATGetHeadImageRequest.m; sourceTree = "<group>"; };
		E4DE55D31BD1FE060039E2DB /* ATRenameRequest.h */ = {isa = PBXFileReference; fileEncoding = 4; lastKnownFileType = sourcecode.c.h; path = ATRenameRequest.h; sourceTree = "<group>"; };
		E4DE55D41BD1FE060039E2DB /* ATRenameRequest.m */ = {isa = PBXFileReference; fileEncoding = 4; lastKnownFileType = sourcecode.c.objc; path = ATRenameRequest.m; sourceTree = "<group>"; };
		E4DE55D61BD1FFFD0039E2DB /* ATReImageRequest.h */ = {isa = PBXFileReference; fileEncoding = 4; lastKnownFileType = sourcecode.c.h; path = ATReImageRequest.h; sourceTree = "<group>"; };
		E4DE55D71BD1FFFD0039E2DB /* ATReImageRequest.m */ = {isa = PBXFileReference; fileEncoding = 4; lastKnownFileType = sourcecode.c.objc; path = ATReImageRequest.m; sourceTree = "<group>"; };
/* End PBXFileReference section */

/* Begin PBXFrameworksBuildPhase section */
		E48415FE1BCCCC01008FC68E /* Frameworks */ = {
			isa = PBXFrameworksBuildPhase;
			buildActionMask = 2147483647;
			files = (
			);
			runOnlyForDeploymentPostprocessing = 0;
		};
		E48416171BCCCC02008FC68E /* Frameworks */ = {
			isa = PBXFrameworksBuildPhase;
			buildActionMask = 2147483647;
			files = (
			);
			runOnlyForDeploymentPostprocessing = 0;
		};
		E48416221BCCCC02008FC68E /* Frameworks */ = {
			isa = PBXFrameworksBuildPhase;
			buildActionMask = 2147483647;
			files = (
			);
			runOnlyForDeploymentPostprocessing = 0;
		};
/* End PBXFrameworksBuildPhase section */

/* Begin PBXGroup section */
		E410BEF31BD4EF8600935252 /* SDWebImage */ = {
			isa = PBXGroup;
			children = (
				E410BEF41BD4EF8D00935252 /* MKAnnotationView+WebCache.h */,
				E410BEF51BD4EF8D00935252 /* MKAnnotationView+WebCache.m */,
				E410BEF61BD4EF8D00935252 /* NSData+ImageContentType.h */,
				E410BEF71BD4EF8D00935252 /* NSData+ImageContentType.m */,
				E410BEF81BD4EF8D00935252 /* SDImageCache.h */,
				E410BEF91BD4EF8D00935252 /* SDImageCache.m */,
				E410BEFA1BD4EF8D00935252 /* SDWebImageCompat.h */,
				E410BEFB1BD4EF8D00935252 /* SDWebImageCompat.m */,
				E410BEFC1BD4EF8D00935252 /* SDWebImageDecoder.h */,
				E410BEFD1BD4EF8D00935252 /* SDWebImageDecoder.m */,
				E410BEFE1BD4EF8D00935252 /* SDWebImageDownloader.h */,
				E410BEFF1BD4EF8E00935252 /* SDWebImageDownloader.m */,
				E410BF001BD4EF8E00935252 /* SDWebImageDownloaderOperation.h */,
				E410BF011BD4EF8E00935252 /* SDWebImageDownloaderOperation.m */,
				E410BF021BD4EF8E00935252 /* SDWebImageManager.h */,
				E410BF031BD4EF8E00935252 /* SDWebImageManager.m */,
				E410BF041BD4EF8E00935252 /* SDWebImageOperation.h */,
				E410BF051BD4EF8E00935252 /* SDWebImagePrefetcher.h */,
				E410BF061BD4EF8E00935252 /* SDWebImagePrefetcher.m */,
				E410BF071BD4EF8E00935252 /* UIButton+WebCache.h */,
				E410BF081BD4EF8E00935252 /* UIButton+WebCache.m */,
				E410BF091BD4EF8E00935252 /* UIImage+GIF.h */,
				E410BF0A1BD4EF8E00935252 /* UIImage+GIF.m */,
				E410BF0B1BD4EF8E00935252 /* UIImage+MultiFormat.h */,
				E410BF0C1BD4EF8E00935252 /* UIImage+MultiFormat.m */,
				E410BF0D1BD4EF8E00935252 /* UIImage+WebP.h */,
				E410BF0E1BD4EF8E00935252 /* UIImage+WebP.m */,
				E410BF0F1BD4EF8E00935252 /* UIImageView+HighlightedWebCache.h */,
				E410BF101BD4EF8E00935252 /* UIImageView+HighlightedWebCache.m */,
				E410BF111BD4EF8E00935252 /* UIImageView+WebCache.h */,
				E410BF121BD4EF8E00935252 /* UIImageView+WebCache.m */,
				E410BF131BD4EF8E00935252 /* UIView+WebCacheOperation.h */,
				E410BF141BD4EF8E00935252 /* UIView+WebCacheOperation.m */,
			);
			path = SDWebImage;
			sourceTree = "<group>";
		};
		E4370C5C1BD01E7D0099A880 /* My */ = {
			isa = PBXGroup;
			children = (
				E4388FE51BCE51C0003AD589 /* ATMyTableViewController.h */,
				E4388FE61BCE51C0003AD589 /* ATMyTableViewController.m */,
				E4370C5E1BD01F480099A880 /* ATNickNameViewController.h */,
				E4370C5F1BD01F480099A880 /* ATNickNameViewController.m */,
				E4370C611BD032550099A880 /* ATHeadImageViewController.h */,
				E4370C621BD032550099A880 /* ATHeadImageViewController.m */,
				E4DE55CB1BD1F7960039E2DB /* ATHomePageViewController.h */,
				E4DE55CC1BD1F7960039E2DB /* ATHomePageViewController.m */,
			);
			name = My;
			sourceTree = "<group>";
		};
		E4370C5D1BD01E9B0099A880 /* Square */ = {
			isa = PBXGroup;
			children = (
				E43890081BCE8BAC003AD589 /* ATSquareViewController.h */,
				E43890091BCE8BAC003AD589 /* ATSquareViewController.m */,
				E4634B161BD4782C008F8793 /* ATPhotoDetailViewController.h */,
				E4634B171BD4782C008F8793 /* ATPhotoDetailViewController.m */,
				E410BF281BD5178000935252 /* ATPublishViewController.h */,
				E410BF291BD5178000935252 /* ATPublishViewController.m */,
			);
			name = Square;
			sourceTree = "<group>";
		};
		E43884421BD13D3A00A20D36 /* MJRefresh */ = {
			isa = PBXGroup;
			children = (
				E43884431BD13D3A00A20D36 /* Base */,
				E438844E1BD13D3A00A20D36 /* Custom */,
				E43884651BD13D3A00A20D36 /* MJRefresh.bundle */,
				E43884661BD13D3A00A20D36 /* MJRefresh.h */,
				E43884671BD13D3A00A20D36 /* MJRefreshConst.h */,
				E43884681BD13D3A00A20D36 /* MJRefreshConst.m */,
				E43884691BD13D3A00A20D36 /* UIScrollView+MJExtension.h */,
				E438846A1BD13D3A00A20D36 /* UIScrollView+MJExtension.m */,
				E438846B1BD13D3A00A20D36 /* UIScrollView+MJRefresh.h */,
				E438846C1BD13D3A00A20D36 /* UIScrollView+MJRefresh.m */,
				E438846D1BD13D3A00A20D36 /* UIView+MJExtension.h */,
				E438846E1BD13D3A00A20D36 /* UIView+MJExtension.m */,
			);
			path = MJRefresh;
			sourceTree = "<group>";
		};
		E43884431BD13D3A00A20D36 /* Base */ = {
			isa = PBXGroup;
			children = (
				E43884441BD13D3A00A20D36 /* MJRefreshAutoFooter.h */,
				E43884451BD13D3A00A20D36 /* MJRefreshAutoFooter.m */,
				E43884461BD13D3A00A20D36 /* MJRefreshBackFooter.h */,
				E43884471BD13D3A00A20D36 /* MJRefreshBackFooter.m */,
				E43884481BD13D3A00A20D36 /* MJRefreshComponent.h */,
				E43884491BD13D3A00A20D36 /* MJRefreshComponent.m */,
				E438844A1BD13D3A00A20D36 /* MJRefreshFooter.h */,
				E438844B1BD13D3A00A20D36 /* MJRefreshFooter.m */,
				E438844C1BD13D3A00A20D36 /* MJRefreshHeader.h */,
				E438844D1BD13D3A00A20D36 /* MJRefreshHeader.m */,
			);
			path = Base;
			sourceTree = "<group>";
		};
		E438844E1BD13D3A00A20D36 /* Custom */ = {
			isa = PBXGroup;
			children = (
				E438844F1BD13D3A00A20D36 /* Footer */,
				E438845E1BD13D3A00A20D36 /* Header */,
			);
			path = Custom;
			sourceTree = "<group>";
		};
		E438844F1BD13D3A00A20D36 /* Footer */ = {
			isa = PBXGroup;
			children = (
				E43884501BD13D3A00A20D36 /* Auto */,
				E43884571BD13D3A00A20D36 /* Back */,
			);
			path = Footer;
			sourceTree = "<group>";
		};
		E43884501BD13D3A00A20D36 /* Auto */ = {
			isa = PBXGroup;
			children = (
				E43884511BD13D3A00A20D36 /* MJRefreshAutoGifFooter.h */,
				E43884521BD13D3A00A20D36 /* MJRefreshAutoGifFooter.m */,
				E43884531BD13D3A00A20D36 /* MJRefreshAutoNormalFooter.h */,
				E43884541BD13D3A00A20D36 /* MJRefreshAutoNormalFooter.m */,
				E43884551BD13D3A00A20D36 /* MJRefreshAutoStateFooter.h */,
				E43884561BD13D3A00A20D36 /* MJRefreshAutoStateFooter.m */,
			);
			path = Auto;
			sourceTree = "<group>";
		};
		E43884571BD13D3A00A20D36 /* Back */ = {
			isa = PBXGroup;
			children = (
				E43884581BD13D3A00A20D36 /* MJRefreshBackGifFooter.h */,
				E43884591BD13D3A00A20D36 /* MJRefreshBackGifFooter.m */,
				E438845A1BD13D3A00A20D36 /* MJRefreshBackNormalFooter.h */,
				E438845B1BD13D3A00A20D36 /* MJRefreshBackNormalFooter.m */,
				E438845C1BD13D3A00A20D36 /* MJRefreshBackStateFooter.h */,
				E438845D1BD13D3A00A20D36 /* MJRefreshBackStateFooter.m */,
			);
			path = Back;
			sourceTree = "<group>";
		};
		E438845E1BD13D3A00A20D36 /* Header */ = {
			isa = PBXGroup;
			children = (
				E438845F1BD13D3A00A20D36 /* MJRefreshGifHeader.h */,
				E43884601BD13D3A00A20D36 /* MJRefreshGifHeader.m */,
				E43884611BD13D3A00A20D36 /* MJRefreshNormalHeader.h */,
				E43884621BD13D3A00A20D36 /* MJRefreshNormalHeader.m */,
				E43884631BD13D3A00A20D36 /* MJRefreshStateHeader.h */,
				E43884641BD13D3A00A20D36 /* MJRefreshStateHeader.m */,
			);
			path = Header;
			sourceTree = "<group>";
		};
		E44FB5BF1BFD6871002CE4FF /* Publish */ = {
			isa = PBXGroup;
			children = (
				E410BF2E1BD5180300935252 /* ATPublishRequest.h */,
				E410BF2F1BD5180300935252 /* ATPublishRequest.m */,
			);
			name = Publish;
			sourceTree = "<group>";
		};
		E4634B1C1BD48A51008F8793 /* Square */ = {
			isa = PBXGroup;
			children = (
				E4634B1D1BD48A73008F8793 /* ATSquareRequest.h */,
				E4634B1E1BD48A73008F8793 /* ATSquareRequest.m */,
				E410BF251BD4F1AA00935252 /* ATPhotoDetailRequest.h */,
				E410BF261BD4F1AA00935252 /* ATPhotoDetailRequest.m */,
			);
			name = Square;
			sourceTree = "<group>";
		};
		E46790011BCD2DC900C39944 /* LoginAndRegister */ = {
			isa = PBXGroup;
			children = (
				E46790021BCD2DC900C39944 /* ATLoginViewController.h */,
				E46790031BCD2DC900C39944 /* ATLoginViewController.m */,
				E46790041BCD2DC900C39944 /* ATRegisterViewController.h */,
				E46790051BCD2DC900C39944 /* ATRegisterViewController.m */,
			);
			path = LoginAndRegister;
			sourceTree = "<group>";
		};
		E48415F81BCCCC01008FC68E = {
			isa = PBXGroup;
			children = (
				E48416371BCCD2CC008FC68E /* ATMoran_IOS */,
				E484161D1BCCCC02008FC68E /* ATMoran_IOSTests */,
				E48416281BCCCC02008FC68E /* ATMoran_IOSUITests */,
				E48416021BCCCC02008FC68E /* Products */,
			);
			sourceTree = "<group>";
		};
		E48416021BCCCC02008FC68E /* Products */ = {
			isa = PBXGroup;
			children = (
				E48416011BCCCC02008FC68E /* ATMoran_IOS.app */,
				E484161A1BCCCC02008FC68E /* ATMoran_IOSTests.xctest */,
				E48416251BCCCC02008FC68E /* ATMoran_IOSUITests.xctest */,
			);
			name = Products;
			sourceTree = "<group>";
		};
		E484161D1BCCCC02008FC68E /* ATMoran_IOSTests */ = {
			isa = PBXGroup;
			children = (
				E484161E1BCCCC02008FC68E /* ATMoran_IOSTests.m */,
				E48416201BCCCC02008FC68E /* Info.plist */,
			);
			path = ATMoran_IOSTests;
			sourceTree = "<group>";
		};
		E48416281BCCCC02008FC68E /* ATMoran_IOSUITests */ = {
			isa = PBXGroup;
			children = (
				E48416291BCCCC02008FC68E /* ATMoran_IOSUITests.m */,
				E484162B1BCCCC02008FC68E /* Info.plist */,
			);
			path = ATMoran_IOSUITests;
			sourceTree = "<group>";
		};
		E48416371BCCD2CC008FC68E /* ATMoran_IOS */ = {
			isa = PBXGroup;
			children = (
				E48416381BCCD2CC008FC68E /* Classes */,
				E48416431BCCD2CC008FC68E /* Resources */,
				E48416451BCCD2CC008FC68E /* Supporting Files */,
			);
			path = ATMoran_IOS;
			sourceTree = "<group>";
		};
		E48416381BCCD2CC008FC68E /* Classes */ = {
			isa = PBXGroup;
			children = (
				E484164E1BCCDC76008FC68E /* Library */,
				E484164F1BCCDC76008FC68E /* Network */,
				E48416391BCCD2CC008FC68E /* APPDelegate */,
				E484163C1BCCD2CC008FC68E /* Controllers */,
				E484163D1BCCD2CC008FC68E /* Global */,
				E484163E1BCCD2CC008FC68E /* Models */,
				E48416421BCCD2CC008FC68E /* Views */,
			);
			path = Classes;
			sourceTree = "<group>";
		};
		E48416391BCCD2CC008FC68E /* APPDelegate */ = {
			isa = PBXGroup;
			children = (
				E484163A1BCCD2CC008FC68E /* AppDelegate.h */,
				E484163B1BCCD2CC008FC68E /* AppDelegate.m */,
			);
			path = APPDelegate;
			sourceTree = "<group>";
		};
		E484163C1BCCD2CC008FC68E /* Controllers */ = {
			isa = PBXGroup;
			children = (
				E4370C5D1BD01E9B0099A880 /* Square */,
				E4370C5C1BD01E7D0099A880 /* My */,
				E46790011BCD2DC900C39944 /* LoginAndRegister */,
				E438900E1BCE8CEA003AD589 /* ATTabBarViewController.h */,
				E438900F1BCE8CEA003AD589 /* ATTabBarViewController.m */,
				E46063371BCF8BFD00CA6F20 /* ATNavigationViewController.h */,
				E46063381BCF8BFD00CA6F20 /* ATNavigationViewController.m */,
				E43890001BCE87CC003AD589 /* ATBaseViewController.h */,
				E43890011BCE87CC003AD589 /* ATBaseViewController.m */,
			);
			path = Controllers;
			sourceTree = "<group>";
		};
		E484163D1BCCD2CC008FC68E /* Global */ = {
			isa = PBXGroup;
			children = (
				E410BF3D1BD66C5000935252 /* ATLocationManager.h */,
				E410BF3E1BD66C5000935252 /* ATLocationManager.m */,
				E46063361BCF07D900CA6F20 /* GlobalTool.h */,
				E4DE55C81BD1F1FE0039E2DB /* ATGlobal.h */,
				E4DE55C91BD1F1FE0039E2DB /* ATGlobal.m */,
			);
			path = Global;
			sourceTree = "<group>";
		};
		E484163E1BCCD2CC008FC68E /* Models */ = {
			isa = PBXGroup;
			children = (
				E441CDB41BCE2665007702E7 /* ATUserModel.h */,
				E441CDB51BCE2665007702E7 /* ATUserModel.m */,
				E4634B201BD48AB1008F8793 /* ATSquareModel.h */,
				E4634B211BD48AB1008F8793 /* ATSquareModel.m */,
				E410BEF01BD4ED5A00935252 /* ATpictureModel.h */,
				E410BEF11BD4ED5A00935252 /* ATpictureModel.m */,
				E410BF341BD5188D00935252 /* ATPublishModel.h */,
				E410BF351BD5188D00935252 /* ATPublishModel.m */,
				E44FB5C01BFD690E002CE4FF /* ATPhotoDetailModel.h */,
				E44FB5C11BFD690E002CE4FF /* ATPhotoDetailModel.m */,
			);
			path = Models;
			sourceTree = "<group>";
		};
		E48416421BCCD2CC008FC68E /* Views */ = {
			isa = PBXGroup;
			children = (
				E48416571BCCDDC9008FC68E /* ATLoginAndRegister.storyboard */,
				E43890031BCE896B003AD589 /* Main.storyboard */,
				E4634B101BD46E13008F8793 /* ATSquareTableViewCell.h */,
				E4634B111BD46E13008F8793 /* ATSquareTableViewCell.m */,
				E4634B131BD46FE7008F8793 /* ATSquareCollectionViewCell.h */,
				E4634B141BD46FE7008F8793 /* ATSquareCollectionViewCell.m */,
			);
			path = Views;
			sourceTree = "<group>";
		};
		E48416431BCCD2CC008FC68E /* Resources */ = {
			isa = PBXGroup;
			children = (
				E48416441BCCD2CC008FC68E /* Assets.xcassets */,
				E48416531BCCDD67008FC68E /* Main.xcassets */,
			);
			path = Resources;
			sourceTree = "<group>";
		};
		E48416451BCCD2CC008FC68E /* Supporting Files */ = {
			isa = PBXGroup;
			children = (
				E48416461BCCD2CC008FC68E /* Info.plist */,
				E48416471BCCD2CC008FC68E /* main.m */,
			);
			path = "Supporting Files";
			sourceTree = "<group>";
		};
		E484164E1BCCDC76008FC68E /* Library */ = {
			isa = PBXGroup;
			children = (
				E458B8C81BD3D69300379C52 /* KxMenu.h */,
				E458B8C91BD3D69300379C52 /* KxMenu.m */,
				E410BEF31BD4EF8600935252 /* SDWebImage */,
				E43884421BD13D3A00A20D36 /* MJRefresh */,
				E4D3AF921BD0FF8D0007D6CD /* SVProgressHUD */,
			);
			name = Library;
			path = ATMoran_IOS/Classes/Library;
			sourceTree = SOURCE_ROOT;
		};
		E484164F1BCCDC76008FC68E /* Network */ = {
			isa = PBXGroup;
			children = (
				E48416501BCCDC76008FC68E /* Parsers */,
				E48416511BCCDC76008FC68E /* Requires */,
				E48416521BCCDC76008FC68E /* Utility */,
			);
			name = Network;
			path = ATMoran_IOS/Classes/Network;
			sourceTree = SOURCE_ROOT;
		};
		E48416501BCCDC76008FC68E /* Parsers */ = {
			isa = PBXGroup;
			children = (
				E441CDB71BCE2794007702E7 /* ATLoginRequireParser.h */,
				E441CDB81BCE2794007702E7 /* ATLoginRequireParser.m */,
				E441CDC01BCE3832007702E7 /* ATRegisterRequireParser.h */,
				E441CDC11BCE3832007702E7 /* ATRegisterRequireParser.m */,
				E4634B231BD48C0C008F8793 /* ATSquareRequestParser.h */,
				E4634B241BD48C0C008F8793 /* ATSquareRequestParser.m */,
				E410BF311BD5185200935252 /* ATPublishRequestParser.h */,
				E410BF321BD5185200935252 /* ATPublishRequestParser.m */,
				E44FB5C31BFD69A1002CE4FF /* ATPhotoDetailRequestParser.h */,
				E44FB5C41BFD69A1002CE4FF /* ATPhotoDetailRequestParser.m */,
			);
			path = Parsers;
			sourceTree = "<group>";
		};
		E48416511BCCDC76008FC68E /* Requires */ = {
			isa = PBXGroup;
			children = (
				E44FB5BF1BFD6871002CE4FF /* Publish */,
				E4634B1C1BD48A51008F8793 /* Square */,
				E4DE55D21BD1FDE10039E2DB /* Login&Register */,
				E4DE55D11BD1FDD80039E2DB /* My */,
			);
			path = Requires;
			sourceTree = "<group>";
		};
		E48416521BCCDC76008FC68E /* Utility */ = {
			isa = PBXGroup;
			children = (
				E441CDB11BCE25FD007702E7 /* BLMultipartForm.h */,
				E441CDB21BCE25FD007702E7 /* BLMultipartForm.m */,
			);
			path = Utility;
			sourceTree = "<group>";
		};
		E4D3AF921BD0FF8D0007D6CD /* SVProgressHUD */ = {
			isa = PBXGroup;
			children = (
				E4D3AF931BD0FF8D0007D6CD /* SVProgressHUD.bundle */,
				E4D3AF941BD0FF8D0007D6CD /* SVProgressHUD.h */,
				E4D3AF951BD0FF8D0007D6CD /* SVProgressHUD.m */,
			);
			path = SVProgressHUD;
			sourceTree = "<group>";
		};
		E4DE55D11BD1FDD80039E2DB /* My */ = {
			isa = PBXGroup;
			children = (
				E4DE55D31BD1FE060039E2DB /* ATRenameRequest.h */,
				E4DE55D41BD1FE060039E2DB /* ATRenameRequest.m */,
				E4DE55D61BD1FFFD0039E2DB /* ATReImageRequest.h */,
				E4DE55D71BD1FFFD0039E2DB /* ATReImageRequest.m */,
			);
			name = My;
			sourceTree = "<group>";
		};
		E4DE55D21BD1FDE10039E2DB /* Login&Register */ = {
			isa = PBXGroup;
			children = (
				E441CDAE1BCE25C1007702E7 /* ATLoginRequires.h */,
				E441CDAF1BCE25C1007702E7 /* ATLoginRequires.m */,
				E441CDBA1BCE368C007702E7 /* ATRegisterRequires.h */,
				E441CDBB1BCE368C007702E7 /* ATRegisterRequires.m */,
				E4DE55CE1BD1F9BB0039E2DB /* ATGetHeadImageRequest.h */,
				E4DE55CF1BD1F9BB0039E2DB /* ATGetHeadImageRequest.m */,
			);
			name = "Login&Register";
			sourceTree = "<group>";
		};
/* End PBXGroup section */

/* Begin PBXNativeTarget section */
		E48416001BCCCC01008FC68E /* ATMoran_IOS */ = {
			isa = PBXNativeTarget;
			buildConfigurationList = E484162E1BCCCC02008FC68E /* Build configuration list for PBXNativeTarget "ATMoran_IOS" */;
			buildPhases = (
				E48415FD1BCCCC01008FC68E /* Sources */,
				E48415FE1BCCCC01008FC68E /* Frameworks */,
				E48415FF1BCCCC01008FC68E /* Resources */,
			);
			buildRules = (
			);
			dependencies = (
			);
			name = ATMoran_IOS;
			productName = ATMoran_IOS;
			productReference = E48416011BCCCC02008FC68E /* ATMoran_IOS.app */;
			productType = "com.apple.product-type.application";
		};
		E48416191BCCCC02008FC68E /* ATMoran_IOSTests */ = {
			isa = PBXNativeTarget;
			buildConfigurationList = E48416311BCCCC02008FC68E /* Build configuration list for PBXNativeTarget "ATMoran_IOSTests" */;
			buildPhases = (
				E48416161BCCCC02008FC68E /* Sources */,
				E48416171BCCCC02008FC68E /* Frameworks */,
				E48416181BCCCC02008FC68E /* Resources */,
			);
			buildRules = (
			);
			dependencies = (
				E484161C1BCCCC02008FC68E /* PBXTargetDependency */,
			);
			name = ATMoran_IOSTests;
			productName = ATMoran_IOSTests;
			productReference = E484161A1BCCCC02008FC68E /* ATMoran_IOSTests.xctest */;
			productType = "com.apple.product-type.bundle.unit-test";
		};
		E48416241BCCCC02008FC68E /* ATMoran_IOSUITests */ = {
			isa = PBXNativeTarget;
			buildConfigurationList = E48416341BCCCC02008FC68E /* Build configuration list for PBXNativeTarget "ATMoran_IOSUITests" */;
			buildPhases = (
				E48416211BCCCC02008FC68E /* Sources */,
				E48416221BCCCC02008FC68E /* Frameworks */,
				E48416231BCCCC02008FC68E /* Resources */,
			);
			buildRules = (
			);
			dependencies = (
				E48416271BCCCC02008FC68E /* PBXTargetDependency */,
			);
			name = ATMoran_IOSUITests;
			productName = ATMoran_IOSUITests;
			productReference = E48416251BCCCC02008FC68E /* ATMoran_IOSUITests.xctest */;
			productType = "com.apple.product-type.bundle.ui-testing";
		};
/* End PBXNativeTarget section */

/* Begin PBXProject section */
		E48415F91BCCCC01008FC68E /* Project object */ = {
			isa = PBXProject;
			attributes = {
				LastUpgradeCheck = 0700;
				ORGANIZATIONNAME = Ants;
				TargetAttributes = {
					E48416001BCCCC01008FC68E = {
						CreatedOnToolsVersion = 7.0;
					};
					E48416191BCCCC02008FC68E = {
						CreatedOnToolsVersion = 7.0;
						TestTargetID = E48416001BCCCC01008FC68E;
					};
					E48416241BCCCC02008FC68E = {
						CreatedOnToolsVersion = 7.0;
						TestTargetID = E48416001BCCCC01008FC68E;
					};
				};
			};
			buildConfigurationList = E48415FC1BCCCC01008FC68E /* Build configuration list for PBXProject "ATMoran_IOS" */;
			compatibilityVersion = "Xcode 3.2";
			developmentRegion = English;
			hasScannedForEncodings = 0;
			knownRegions = (
				en,
				Base,
			);
			mainGroup = E48415F81BCCCC01008FC68E;
			productRefGroup = E48416021BCCCC02008FC68E /* Products */;
			projectDirPath = "";
			projectRoot = "";
			targets = (
				E48416001BCCCC01008FC68E /* ATMoran_IOS */,
				E48416191BCCCC02008FC68E /* ATMoran_IOSTests */,
				E48416241BCCCC02008FC68E /* ATMoran_IOSUITests */,
			);
		};
/* End PBXProject section */

/* Begin PBXResourcesBuildPhase section */
		E48415FF1BCCCC01008FC68E /* Resources */ = {
			isa = PBXResourcesBuildPhase;
			buildActionMask = 2147483647;
			files = (
				E48416491BCCD2CC008FC68E /* Assets.xcassets in Resources */,
				E48416541BCCDD67008FC68E /* Main.xcassets in Resources */,
				E438847D1BD13D3A00A20D36 /* MJRefresh.bundle in Resources */,
				E4D3AF961BD0FF8D0007D6CD /* SVProgressHUD.bundle in Resources */,
				E48416581BCCDDC9008FC68E /* ATLoginAndRegister.storyboard in Resources */,
				E43890041BCE896B003AD589 /* Main.storyboard in Resources */,
			);
			runOnlyForDeploymentPostprocessing = 0;
		};
		E48416181BCCCC02008FC68E /* Resources */ = {
			isa = PBXResourcesBuildPhase;
			buildActionMask = 2147483647;
			files = (
			);
			runOnlyForDeploymentPostprocessing = 0;
		};
		E48416231BCCCC02008FC68E /* Resources */ = {
			isa = PBXResourcesBuildPhase;
			buildActionMask = 2147483647;
			files = (
			);
			runOnlyForDeploymentPostprocessing = 0;
		};
/* End PBXResourcesBuildPhase section */

/* Begin PBXSourcesBuildPhase section */
		E48415FD1BCCCC01008FC68E /* Sources */ = {
			isa = PBXSourcesBuildPhase;
			buildActionMask = 2147483647;
			files = (
				E43890021BCE87CC003AD589 /* ATBaseViewController.m in Sources */,
				E438847C1BD13D3A00A20D36 /* MJRefreshStateHeader.m in Sources */,
				E410BF221BD4EF8E00935252 /* UIImageView+HighlightedWebCache.m in Sources */,
				E43884781BD13D3A00A20D36 /* MJRefreshBackNormalFooter.m in Sources */,
				E410BF241BD4EF8E00935252 /* UIView+WebCacheOperation.m in Sources */,
				E410BF1B1BD4EF8E00935252 /* SDWebImageDownloaderOperation.m in Sources */,
				E43884721BD13D3A00A20D36 /* MJRefreshFooter.m in Sources */,
				E4370C631BD032550099A880 /* ATHeadImageViewController.m in Sources */,
				E43884791BD13D3A00A20D36 /* MJRefreshBackStateFooter.m in Sources */,
				E44FB5C51BFD69A1002CE4FF /* ATPhotoDetailRequestParser.m in Sources */,
				E441CDB31BCE25FD007702E7 /* BLMultipartForm.m in Sources */,
				E441CDB91BCE2794007702E7 /* ATLoginRequireParser.m in Sources */,
				E4634B181BD4782C008F8793 /* ATPhotoDetailViewController.m in Sources */,
				E4DE55CA1BD1F1FE0039E2DB /* ATGlobal.m in Sources */,
				E438847E1BD13D3A00A20D36 /* MJRefreshConst.m in Sources */,
				E441CDBC1BCE368C007702E7 /* ATRegisterRequires.m in Sources */,
				E484164B1BCCD2CC008FC68E /* main.m in Sources */,
				E4634B1F1BD48A73008F8793 /* ATSquareRequest.m in Sources */,
				E410BF151BD4EF8E00935252 /* MKAnnotationView+WebCache.m in Sources */,
				E44FB5C21BFD690E002CE4FF /* ATPhotoDetailModel.m in Sources */,
				E4DE55D01BD1F9BB0039E2DB /* ATGetHeadImageRequest.m in Sources */,
				E4634B121BD46E13008F8793 /* ATSquareTableViewCell.m in Sources */,
				E43884741BD13D3A00A20D36 /* MJRefreshAutoGifFooter.m in Sources */,
				E43884761BD13D3A00A20D36 /* MJRefreshAutoStateFooter.m in Sources */,
				E43890101BCE8CEA003AD589 /* ATTabBarViewController.m in Sources */,
				E410BF1C1BD4EF8E00935252 /* SDWebImageManager.m in Sources */,
				E4D3AF971BD0FF8D0007D6CD /* SVProgressHUD.m in Sources */,
				E438846F1BD13D3A00A20D36 /* MJRefreshAutoFooter.m in Sources */,
				E410BF271BD4F1AA00935252 /* ATPhotoDetailRequest.m in Sources */,
				E410BF201BD4EF8E00935252 /* UIImage+MultiFormat.m in Sources */,
				E410BF1D1BD4EF8E00935252 /* SDWebImagePrefetcher.m in Sources */,
				E410BF231BD4EF8E00935252 /* UIImageView+WebCache.m in Sources */,
				E410BF3F1BD66C5000935252 /* ATLocationManager.m in Sources */,
				E441CDB61BCE2665007702E7 /* ATUserModel.m in Sources */,
				E410BF331BD5185200935252 /* ATPublishRequestParser.m in Sources */,
				E4634B151BD46FE7008F8793 /* ATSquareCollectionViewCell.m in Sources */,
				E43884771BD13D3A00A20D36 /* MJRefreshBackGifFooter.m in Sources */,
				E43884801BD13D3A00A20D36 /* UIScrollView+MJRefresh.m in Sources */,
				E43884731BD13D3A00A20D36 /* MJRefreshHeader.m in Sources */,
				E410BF191BD4EF8E00935252 /* SDWebImageDecoder.m in Sources */,
				E4DE55D81BD1FFFD0039E2DB /* ATReImageRequest.m in Sources */,
				E46790061BCD2DC900C39944 /* ATLoginViewController.m in Sources */,
				E438847F1BD13D3A00A20D36 /* UIScrollView+MJExtension.m in Sources */,
				E458B8CA1BD3D69300379C52 /* KxMenu.m in Sources */,
				E410BF181BD4EF8E00935252 /* SDWebImageCompat.m in Sources */,
				E438847A1BD13D3A00A20D36 /* MJRefreshGifHeader.m in Sources */,
				E410BF1E1BD4EF8E00935252 /* UIButton+WebCache.m in Sources */,
				E43884711BD13D3A00A20D36 /* MJRefreshComponent.m in Sources */,
				E410BF361BD5188D00935252 /* ATPublishModel.m in Sources */,
				E438900A1BCE8BAC003AD589 /* ATSquareViewController.m in Sources */,
				E4634B221BD48AB1008F8793 /* ATSquareModel.m in Sources */,
				E43884751BD13D3A00A20D36 /* MJRefreshAutoNormalFooter.m in Sources */,
				E410BEF21BD4ED5A00935252 /* ATpictureModel.m in Sources */,
				E441CDB01BCE25C1007702E7 /* ATLoginRequires.m in Sources */,
				E410BF1A1BD4EF8E00935252 /* SDWebImageDownloader.m in Sources */,
				E410BF211BD4EF8E00935252 /* UIImage+WebP.m in Sources */,
				E410BF2A1BD5178000935252 /* ATPublishViewController.m in Sources */,
				E410BF301BD5180300935252 /* ATPublishRequest.m in Sources */,
				E46063391BCF8BFD00CA6F20 /* ATNavigationViewController.m in Sources */,
				E410BF171BD4EF8E00935252 /* SDImageCache.m in Sources */,
				E4634B251BD48C0C008F8793 /* ATSquareRequestParser.m in Sources */,
				E4DE55CD1BD1F7960039E2DB /* ATHomePageViewController.m in Sources */,
				E46790071BCD2DC900C39944 /* ATRegisterViewController.m in Sources */,
				E410BF161BD4EF8E00935252 /* NSData+ImageContentType.m in Sources */,
				E441CDC21BCE3832007702E7 /* ATRegisterRequireParser.m in Sources */,
				E410BF1F1BD4EF8E00935252 /* UIImage+GIF.m in Sources */,
				E48416481BCCD2CC008FC68E /* AppDelegate.m in Sources */,
				E4DE55D51BD1FE060039E2DB /* ATRenameRequest.m in Sources */,
				E43884811BD13D3A00A20D36 /* UIView+MJExtension.m in Sources */,
				E438847B1BD13D3A00A20D36 /* MJRefreshNormalHeader.m in Sources */,
				E4388FE71BCE51C0003AD589 /* ATMyTableViewController.m in Sources */,
				E43884701BD13D3A00A20D36 /* MJRefreshBackFooter.m in Sources */,
				E4370C601BD01F480099A880 /* ATNickNameViewController.m in Sources */,
			);
			runOnlyForDeploymentPostprocessing = 0;
		};
		E48416161BCCCC02008FC68E /* Sources */ = {
			isa = PBXSourcesBuildPhase;
			buildActionMask = 2147483647;
			files = (
				E484161F1BCCCC02008FC68E /* ATMoran_IOSTests.m in Sources */,
			);
			runOnlyForDeploymentPostprocessing = 0;
		};
		E48416211BCCCC02008FC68E /* Sources */ = {
			isa = PBXSourcesBuildPhase;
			buildActionMask = 2147483647;
			files = (
				E484162A1BCCCC02008FC68E /* ATMoran_IOSUITests.m in Sources */,
			);
			runOnlyForDeploymentPostprocessing = 0;
		};
/* End PBXSourcesBuildPhase section */

/* Begin PBXTargetDependency section */
		E484161C1BCCCC02008FC68E /* PBXTargetDependency */ = {
			isa = PBXTargetDependency;
			target = E48416001BCCCC01008FC68E /* ATMoran_IOS */;
			targetProxy = E484161B1BCCCC02008FC68E /* PBXContainerItemProxy */;
		};
		E48416271BCCCC02008FC68E /* PBXTargetDependency */ = {
			isa = PBXTargetDependency;
			target = E48416001BCCCC01008FC68E /* ATMoran_IOS */;
			targetProxy = E48416261BCCCC02008FC68E /* PBXContainerItemProxy */;
		};
/* End PBXTargetDependency section */

/* Begin XCBuildConfiguration section */
		E484162C1BCCCC02008FC68E /* Debug */ = {
			isa = XCBuildConfiguration;
			buildSettings = {
				ALWAYS_SEARCH_USER_PATHS = NO;
				CLANG_CXX_LANGUAGE_STANDARD = "gnu++0x";
				CLANG_CXX_LIBRARY = "libc++";
				CLANG_ENABLE_MODULES = YES;
				CLANG_ENABLE_OBJC_ARC = YES;
				CLANG_WARN_BOOL_CONVERSION = YES;
				CLANG_WARN_CONSTANT_CONVERSION = YES;
				CLANG_WARN_DIRECT_OBJC_ISA_USAGE = YES_ERROR;
				CLANG_WARN_EMPTY_BODY = YES;
				CLANG_WARN_ENUM_CONVERSION = YES;
				CLANG_WARN_INT_CONVERSION = YES;
				CLANG_WARN_OBJC_ROOT_CLASS = YES_ERROR;
				CLANG_WARN_UNREACHABLE_CODE = YES;
				CLANG_WARN__DUPLICATE_METHOD_MATCH = YES;
				"CODE_SIGN_IDENTITY[sdk=iphoneos*]" = "iPhone Developer";
				COPY_PHASE_STRIP = NO;
				DEBUG_INFORMATION_FORMAT = dwarf;
				ENABLE_STRICT_OBJC_MSGSEND = YES;
				ENABLE_TESTABILITY = YES;
				GCC_C_LANGUAGE_STANDARD = gnu99;
				GCC_DYNAMIC_NO_PIC = NO;
				GCC_NO_COMMON_BLOCKS = YES;
				GCC_OPTIMIZATION_LEVEL = 0;
				GCC_PREPROCESSOR_DEFINITIONS = (
					"DEBUG=1",
					"$(inherited)",
				);
				GCC_WARN_64_TO_32_BIT_CONVERSION = YES;
				GCC_WARN_ABOUT_RETURN_TYPE = YES_ERROR;
				GCC_WARN_UNDECLARED_SELECTOR = YES;
				GCC_WARN_UNINITIALIZED_AUTOS = YES_AGGRESSIVE;
				GCC_WARN_UNUSED_FUNCTION = YES;
				GCC_WARN_UNUSED_VARIABLE = YES;
				IPHONEOS_DEPLOYMENT_TARGET = 7.0;
				MTL_ENABLE_DEBUG_INFO = YES;
				ONLY_ACTIVE_ARCH = YES;
				SDKROOT = iphoneos;
			};
			name = Debug;
		};
		E484162D1BCCCC02008FC68E /* Release */ = {
			isa = XCBuildConfiguration;
			buildSettings = {
				ALWAYS_SEARCH_USER_PATHS = NO;
				CLANG_CXX_LANGUAGE_STANDARD = "gnu++0x";
				CLANG_CXX_LIBRARY = "libc++";
				CLANG_ENABLE_MODULES = YES;
				CLANG_ENABLE_OBJC_ARC = YES;
				CLANG_WARN_BOOL_CONVERSION = YES;
				CLANG_WARN_CONSTANT_CONVERSION = YES;
				CLANG_WARN_DIRECT_OBJC_ISA_USAGE = YES_ERROR;
				CLANG_WARN_EMPTY_BODY = YES;
				CLANG_WARN_ENUM_CONVERSION = YES;
				CLANG_WARN_INT_CONVERSION = YES;
				CLANG_WARN_OBJC_ROOT_CLASS = YES_ERROR;
				CLANG_WARN_UNREACHABLE_CODE = YES;
				CLANG_WARN__DUPLICATE_METHOD_MATCH = YES;
				"CODE_SIGN_IDENTITY[sdk=iphoneos*]" = "iPhone Developer";
				COPY_PHASE_STRIP = NO;
				DEBUG_INFORMATION_FORMAT = "dwarf-with-dsym";
				ENABLE_NS_ASSERTIONS = NO;
				ENABLE_STRICT_OBJC_MSGSEND = YES;
				GCC_C_LANGUAGE_STANDARD = gnu99;
				GCC_NO_COMMON_BLOCKS = YES;
				GCC_WARN_64_TO_32_BIT_CONVERSION = YES;
				GCC_WARN_ABOUT_RETURN_TYPE = YES_ERROR;
				GCC_WARN_UNDECLARED_SELECTOR = YES;
				GCC_WARN_UNINITIALIZED_AUTOS = YES_AGGRESSIVE;
				GCC_WARN_UNUSED_FUNCTION = YES;
				GCC_WARN_UNUSED_VARIABLE = YES;
				IPHONEOS_DEPLOYMENT_TARGET = 7.0;
				MTL_ENABLE_DEBUG_INFO = NO;
				SDKROOT = iphoneos;
				VALIDATE_PRODUCT = YES;
			};
			name = Release;
		};
		E484162F1BCCCC02008FC68E /* Debug */ = {
			isa = XCBuildConfiguration;
			buildSettings = {
				ASSETCATALOG_COMPILER_APPICON_NAME = AppIcon;
				ASSETCATALOG_COMPILER_LAUNCHIMAGE_NAME = LaunchImage;
				INFOPLIST_FILE = "ATMoran_IOS/Supporting Files/Info.plist";
				IPHONEOS_DEPLOYMENT_TARGET = 7.0;
				LD_RUNPATH_SEARCH_PATHS = "$(inherited) @executable_path/Frameworks";
				PRODUCT_BUNDLE_IDENTIFIER = "Ants.ATMoran-IOS";
				PRODUCT_NAME = "$(TARGET_NAME)";
			};
			name = Debug;
		};
		E48416301BCCCC02008FC68E /* Release */ = {
			isa = XCBuildConfiguration;
			buildSettings = {
				ASSETCATALOG_COMPILER_APPICON_NAME = AppIcon;
				ASSETCATALOG_COMPILER_LAUNCHIMAGE_NAME = LaunchImage;
				INFOPLIST_FILE = "ATMoran_IOS/Supporting Files/Info.plist";
				IPHONEOS_DEPLOYMENT_TARGET = 7.0;
				LD_RUNPATH_SEARCH_PATHS = "$(inherited) @executable_path/Frameworks";
				PRODUCT_BUNDLE_IDENTIFIER = "Ants.ATMoran-IOS";
				PRODUCT_NAME = "$(TARGET_NAME)";
			};
			name = Release;
		};
		E48416321BCCCC02008FC68E /* Debug */ = {
			isa = XCBuildConfiguration;
			buildSettings = {
				BUNDLE_LOADER = "$(TEST_HOST)";
				INFOPLIST_FILE = ATMoran_IOSTests/Info.plist;
				LD_RUNPATH_SEARCH_PATHS = "$(inherited) @executable_path/Frameworks @loader_path/Frameworks";
				PRODUCT_BUNDLE_IDENTIFIER = "Ants.ATMoran-IOSTests";
				PRODUCT_NAME = "$(TARGET_NAME)";
				TEST_HOST = "$(BUILT_PRODUCTS_DIR)/ATMoran_IOS.app/ATMoran_IOS";
			};
			name = Debug;
		};
		E48416331BCCCC02008FC68E /* Release */ = {
			isa = XCBuildConfiguration;
			buildSettings = {
				BUNDLE_LOADER = "$(TEST_HOST)";
				INFOPLIST_FILE = ATMoran_IOSTests/Info.plist;
				LD_RUNPATH_SEARCH_PATHS = "$(inherited) @executable_path/Frameworks @loader_path/Frameworks";
				PRODUCT_BUNDLE_IDENTIFIER = "Ants.ATMoran-IOSTests";
				PRODUCT_NAME = "$(TARGET_NAME)";
				TEST_HOST = "$(BUILT_PRODUCTS_DIR)/ATMoran_IOS.app/ATMoran_IOS";
			};
			name = Release;
		};
		E48416351BCCCC02008FC68E /* Debug */ = {
			isa = XCBuildConfiguration;
			buildSettings = {
				INFOPLIST_FILE = ATMoran_IOSUITests/Info.plist;
				LD_RUNPATH_SEARCH_PATHS = "$(inherited) @executable_path/Frameworks @loader_path/Frameworks";
				PRODUCT_BUNDLE_IDENTIFIER = "Ants.ATMoran-IOSUITests";
				PRODUCT_NAME = "$(TARGET_NAME)";
				TEST_TARGET_NAME = ATMoran_IOS;
				USES_XCTRUNNER = YES;
			};
			name = Debug;
		};
		E48416361BCCCC02008FC68E /* Release */ = {
			isa = XCBuildConfiguration;
			buildSettings = {
				INFOPLIST_FILE = ATMoran_IOSUITests/Info.plist;
				LD_RUNPATH_SEARCH_PATHS = "$(inherited) @executable_path/Frameworks @loader_path/Frameworks";
				PRODUCT_BUNDLE_IDENTIFIER = "Ants.ATMoran-IOSUITests";
				PRODUCT_NAME = "$(TARGET_NAME)";
				TEST_TARGET_NAME = ATMoran_IOS;
				USES_XCTRUNNER = YES;
			};
			name = Release;
		};
/* End XCBuildConfiguration section */

/* Begin XCConfigurationList section */
		E48415FC1BCCCC01008FC68E /* Build configuration list for PBXProject "ATMoran_IOS" */ = {
			isa = XCConfigurationList;
			buildConfigurations = (
				E484162C1BCCCC02008FC68E /* Debug */,
				E484162D1BCCCC02008FC68E /* Release */,
			);
			defaultConfigurationIsVisible = 0;
			defaultConfigurationName = Release;
		};
		E484162E1BCCCC02008FC68E /* Build configuration list for PBXNativeTarget "ATMoran_IOS" */ = {
			isa = XCConfigurationList;
			buildConfigurations = (
				E484162F1BCCCC02008FC68E /* Debug */,
				E48416301BCCCC02008FC68E /* Release */,
			);
			defaultConfigurationIsVisible = 0;
			defaultConfigurationName = Release;
		};
		E48416311BCCCC02008FC68E /* Build configuration list for PBXNativeTarget "ATMoran_IOSTests" */ = {
			isa = XCConfigurationList;
			buildConfigurations = (
				E48416321BCCCC02008FC68E /* Debug */,
				E48416331BCCCC02008FC68E /* Release */,
			);
			defaultConfigurationIsVisible = 0;
			defaultConfigurationName = Release;
		};
		E48416341BCCCC02008FC68E /* Build configuration list for PBXNativeTarget "ATMoran_IOSUITests" */ = {
			isa = XCConfigurationList;
			buildConfigurations = (
				E48416351BCCCC02008FC68E /* Debug */,
				E48416361BCCCC02008FC68E /* Release */,
			);
			defaultConfigurationIsVisible = 0;
			defaultConfigurationName = Release;
		};
/* End XCConfigurationList section */
	};
	rootObject = E48415F91BCCCC01008FC68E /* Project object */;
}
