// !$*UTF8*$!
{
	archiveVersion = 1;
	classes = {
	};
	objectVersion = 46;
	objects = {

/* Begin PBXBuildFile section */
		E441CDB01BCE25C1007702E7 /* ATLoginRequires.m in Sources */ = {isa = PBXBuildFile; fileRef = E441CDAF1BCE25C1007702E7 /* ATLoginRequires.m */; settings = {ASSET_TAGS = (); }; };
		E441CDB31BCE25FD007702E7 /* BLMultipartForm.m in Sources */ = {isa = PBXBuildFile; fileRef = E441CDB21BCE25FD007702E7 /* BLMultipartForm.m */; settings = {ASSET_TAGS = (); }; };
		E441CDB61BCE2665007702E7 /* ATUserModel.m in Sources */ = {isa = PBXBuildFile; fileRef = E441CDB51BCE2665007702E7 /* ATUserModel.m */; settings = {ASSET_TAGS = (); }; };
		E441CDB91BCE2794007702E7 /* ATLoginRequireParser.m in Sources */ = {isa = PBXBuildFile; fileRef = E441CDB81BCE2794007702E7 /* ATLoginRequireParser.m */; settings = {ASSET_TAGS = (); }; };
		E441CDBC1BCE368C007702E7 /* ATRegisterRequires.m in Sources */ = {isa = PBXBuildFile; fileRef = E441CDBB1BCE368C007702E7 /* ATRegisterRequires.m */; settings = {ASSET_TAGS = (); }; };
		E441CDC21BCE3832007702E7 /* ATRegisterRequireParser.m in Sources */ = {isa = PBXBuildFile; fileRef = E441CDC11BCE3832007702E7 /* ATRegisterRequireParser.m */; settings = {ASSET_TAGS = (); }; };
		E46790061BCD2DC900C39944 /* ATLoginViewController.m in Sources */ = {isa = PBXBuildFile; fileRef = E46790031BCD2DC900C39944 /* ATLoginViewController.m */; settings = {ASSET_TAGS = (); }; };
		E46790071BCD2DC900C39944 /* ATRegisterViewController.m in Sources */ = {isa = PBXBuildFile; fileRef = E46790051BCD2DC900C39944 /* ATRegisterViewController.m */; settings = {ASSET_TAGS = (); }; };
		E484161F1BCCCC02008FC68E /* ATMoran_IOSTests.m in Sources */ = {isa = PBXBuildFile; fileRef = E484161E1BCCCC02008FC68E /* ATMoran_IOSTests.m */; };
		E484162A1BCCCC02008FC68E /* ATMoran_IOSUITests.m in Sources */ = {isa = PBXBuildFile; fileRef = E48416291BCCCC02008FC68E /* ATMoran_IOSUITests.m */; };
		E48416481BCCD2CC008FC68E /* AppDelegate.m in Sources */ = {isa = PBXBuildFile; fileRef = E484163B1BCCD2CC008FC68E /* AppDelegate.m */; settings = {ASSET_TAGS = (); }; };
		E48416491BCCD2CC008FC68E /* Assets.xcassets in Resources */ = {isa = PBXBuildFile; fileRef = E48416441BCCD2CC008FC68E /* Assets.xcassets */; settings = {ASSET_TAGS = (); }; };
		E484164B1BCCD2CC008FC68E /* main.m in Sources */ = {isa = PBXBuildFile; fileRef = E48416471BCCD2CC008FC68E /* main.m */; settings = {ASSET_TAGS = (); }; };
		E484164D1BCCD9B0008FC68E /* Default-568h@2x.png in Resources */ = {isa = PBXBuildFile; fileRef = E484164C1BCCD9B0008FC68E /* Default-568h@2x.png */; settings = {ASSET_TAGS = (); }; };
		E48416541BCCDD67008FC68E /* Main.xcassets in Resources */ = {isa = PBXBuildFile; fileRef = E48416531BCCDD67008FC68E /* Main.xcassets */; settings = {ASSET_TAGS = (); }; };
		E48416581BCCDDC9008FC68E /* ATLoginAndRegister.storyboard in Resources */ = {isa = PBXBuildFile; fileRef = E48416571BCCDDC9008FC68E /* ATLoginAndRegister.storyboard */; settings = {ASSET_TAGS = (); }; };
/* End PBXBuildFile section */

/* Begin PBXContainerItemProxy section */
		E484161B1BCCCC02008FC68E /* PBXContainerItemProxy */ = {
			isa = PBXContainerItemProxy;
			containerPortal = E48415F91BCCCC01008FC68E /* Project object */;
			proxyType = 1;
			remoteGlobalIDString = E48416001BCCCC01008FC68E;
			remoteInfo = ATMoran_IOS;
		};
		E48416261BCCCC02008FC68E /* PBXContainerItemProxy */ = {
			isa = PBXContainerItemProxy;
			containerPortal = E48415F91BCCCC01008FC68E /* Project object */;
			proxyType = 1;
			remoteGlobalIDString = E48416001BCCCC01008FC68E;
			remoteInfo = ATMoran_IOS;
		};
/* End PBXContainerItemProxy section */

/* Begin PBXFileReference section */
		E441CDAE1BCE25C1007702E7 /* ATLoginRequires.h */ = {isa = PBXFileReference; fileEncoding = 4; lastKnownFileType = sourcecode.c.h; path = ATLoginRequires.h; sourceTree = "<group>"; };
		E441CDAF1BCE25C1007702E7 /* ATLoginRequires.m */ = {isa = PBXFileReference; fileEncoding = 4; lastKnownFileType = sourcecode.c.objc; path = ATLoginRequires.m; sourceTree = "<group>"; };
		E441CDB11BCE25FD007702E7 /* BLMultipartForm.h */ = {isa = PBXFileReference; fileEncoding = 4; lastKnownFileType = sourcecode.c.h; path = BLMultipartForm.h; sourceTree = "<group>"; };
		E441CDB21BCE25FD007702E7 /* BLMultipartForm.m */ = {isa = PBXFileReference; fileEncoding = 4; lastKnownFileType = sourcecode.c.objc; path = BLMultipartForm.m; sourceTree = "<group>"; };
		E441CDB41BCE2665007702E7 /* ATUserModel.h */ = {isa = PBXFileReference; fileEncoding = 4; lastKnownFileType = sourcecode.c.h; path = ATUserModel.h; sourceTree = "<group>"; };
		E441CDB51BCE2665007702E7 /* ATUserModel.m */ = {isa = PBXFileReference; fileEncoding = 4; lastKnownFileType = sourcecode.c.objc; path = ATUserModel.m; sourceTree = "<group>"; };
		E441CDB71BCE2794007702E7 /* ATLoginRequireParser.h */ = {isa = PBXFileReference; fileEncoding = 4; lastKnownFileType = sourcecode.c.h; path = ATLoginRequireParser.h; sourceTree = "<group>"; };
		E441CDB81BCE2794007702E7 /* ATLoginRequireParser.m */ = {isa = PBXFileReference; fileEncoding = 4; lastKnownFileType = sourcecode.c.objc; path = ATLoginRequireParser.m; sourceTree = "<group>"; };
		E441CDBA1BCE368C007702E7 /* ATRegisterRequires.h */ = {isa = PBXFileReference; fileEncoding = 4; lastKnownFileType = sourcecode.c.h; path = ATRegisterRequires.h; sourceTree = "<group>"; };
		E441CDBB1BCE368C007702E7 /* ATRegisterRequires.m */ = {isa = PBXFileReference; fileEncoding = 4; lastKnownFileType = sourcecode.c.objc; path = ATRegisterRequires.m; sourceTree = "<group>"; };
		E441CDC01BCE3832007702E7 /* ATRegisterRequireParser.h */ = {isa = PBXFileReference; fileEncoding = 4; lastKnownFileType = sourcecode.c.h; path = ATRegisterRequireParser.h; sourceTree = "<group>"; };
		E441CDC11BCE3832007702E7 /* ATRegisterRequireParser.m */ = {isa = PBXFileReference; fileEncoding = 4; lastKnownFileType = sourcecode.c.objc; path = ATRegisterRequireParser.m; sourceTree = "<group>"; };
		E46790021BCD2DC900C39944 /* ATLoginViewController.h */ = {isa = PBXFileReference; fileEncoding = 4; lastKnownFileType = sourcecode.c.h; path = ATLoginViewController.h; sourceTree = "<group>"; };
		E46790031BCD2DC900C39944 /* ATLoginViewController.m */ = {isa = PBXFileReference; fileEncoding = 4; lastKnownFileType = sourcecode.c.objc; path = ATLoginViewController.m; sourceTree = "<group>"; };
		E46790041BCD2DC900C39944 /* ATRegisterViewController.h */ = {isa = PBXFileReference; fileEncoding = 4; lastKnownFileType = sourcecode.c.h; path = ATRegisterViewController.h; sourceTree = "<group>"; };
		E46790051BCD2DC900C39944 /* ATRegisterViewController.m */ = {isa = PBXFileReference; fileEncoding = 4; lastKnownFileType = sourcecode.c.objc; path = ATRegisterViewController.m; sourceTree = "<group>"; };
		E48416011BCCCC02008FC68E /* ATMoran_IOS.app */ = {isa = PBXFileReference; explicitFileType = wrapper.application; includeInIndex = 0; path = ATMoran_IOS.app; sourceTree = BUILT_PRODUCTS_DIR; };
		E484161A1BCCCC02008FC68E /* ATMoran_IOSTests.xctest */ = {isa = PBXFileReference; explicitFileType = wrapper.cfbundle; includeInIndex = 0; path = ATMoran_IOSTests.xctest; sourceTree = BUILT_PRODUCTS_DIR; };
		E484161E1BCCCC02008FC68E /* ATMoran_IOSTests.m */ = {isa = PBXFileReference; lastKnownFileType = sourcecode.c.objc; path = ATMoran_IOSTests.m; sourceTree = "<group>"; };
		E48416201BCCCC02008FC68E /* Info.plist */ = {isa = PBXFileReference; lastKnownFileType = text.plist.xml; path = Info.plist; sourceTree = "<group>"; };
		E48416251BCCCC02008FC68E /* ATMoran_IOSUITests.xctest */ = {isa = PBXFileReference; explicitFileType = wrapper.cfbundle; includeInIndex = 0; path = ATMoran_IOSUITests.xctest; sourceTree = BUILT_PRODUCTS_DIR; };
		E48416291BCCCC02008FC68E /* ATMoran_IOSUITests.m */ = {isa = PBXFileReference; lastKnownFileType = sourcecode.c.objc; path = ATMoran_IOSUITests.m; sourceTree = "<group>"; };
		E484162B1BCCCC02008FC68E /* Info.plist */ = {isa = PBXFileReference; lastKnownFileType = text.plist.xml; path = Info.plist; sourceTree = "<group>"; };
		E484163A1BCCD2CC008FC68E /* AppDelegate.h */ = {isa = PBXFileReference; fileEncoding = 4; lastKnownFileType = sourcecode.c.h; path = AppDelegate.h; sourceTree = "<group>"; };
		E484163B1BCCD2CC008FC68E /* AppDelegate.m */ = {isa = PBXFileReference; fileEncoding = 4; lastKnownFileType = sourcecode.c.objc; path = AppDelegate.m; sourceTree = "<group>"; };
		E48416441BCCD2CC008FC68E /* Assets.xcassets */ = {isa = PBXFileReference; lastKnownFileType = folder.assetcatalog; path = Assets.xcassets; sourceTree = "<group>"; };
		E48416461BCCD2CC008FC68E /* Info.plist */ = {isa = PBXFileReference; fileEncoding = 4; lastKnownFileType = text.plist.xml; path = Info.plist; sourceTree = "<group>"; };
		E48416471BCCD2CC008FC68E /* main.m */ = {isa = PBXFileReference; fileEncoding = 4; lastKnownFileType = sourcecode.c.objc; path = main.m; sourceTree = "<group>"; };
		E484164C1BCCD9B0008FC68E /* Default-568h@2x.png */ = {isa = PBXFileReference; lastKnownFileType = image.png; name = "Default-568h@2x.png"; path = "../../Default-568h@2x.png"; sourceTree = "<group>"; };
		E48416531BCCDD67008FC68E /* Main.xcassets */ = {isa = PBXFileReference; lastKnownFileType = folder.assetcatalog; path = Main.xcassets; sourceTree = "<group>"; };
		E48416571BCCDDC9008FC68E /* ATLoginAndRegister.storyboard */ = {isa = PBXFileReference; fileEncoding = 4; lastKnownFileType = file.storyboard; path = ATLoginAndRegister.storyboard; sourceTree = "<group>"; };
/* End PBXFileReference section */

/* Begin PBXFrameworksBuildPhase section */
		E48415FE1BCCCC01008FC68E /* Frameworks */ = {
			isa = PBXFrameworksBuildPhase;
			buildActionMask = 2147483647;
			files = (
			);
			runOnlyForDeploymentPostprocessing = 0;
		};
		E48416171BCCCC02008FC68E /* Frameworks */ = {
			isa = PBXFrameworksBuildPhase;
			buildActionMask = 2147483647;
			files = (
			);
			runOnlyForDeploymentPostprocessing = 0;
		};
		E48416221BCCCC02008FC68E /* Frameworks */ = {
			isa = PBXFrameworksBuildPhase;
			buildActionMask = 2147483647;
			files = (
			);
			runOnlyForDeploymentPostprocessing = 0;
		};
/* End PBXFrameworksBuildPhase section */

/* Begin PBXGroup section */
		E46790011BCD2DC900C39944 /* LoginAndRegister */ = {
			isa = PBXGroup;
			children = (
				E46790021BCD2DC900C39944 /* ATLoginViewController.h */,
				E46790031BCD2DC900C39944 /* ATLoginViewController.m */,
				E46790041BCD2DC900C39944 /* ATRegisterViewController.h */,
				E46790051BCD2DC900C39944 /* ATRegisterViewController.m */,
			);
			path = LoginAndRegister;
			sourceTree = "<group>";
		};
		E48415F81BCCCC01008FC68E = {
			isa = PBXGroup;
			children = (
				E48416371BCCD2CC008FC68E /* ATMoran_IOS */,
				E484161D1BCCCC02008FC68E /* ATMoran_IOSTests */,
				E48416281BCCCC02008FC68E /* ATMoran_IOSUITests */,
				E48416021BCCCC02008FC68E /* Products */,
			);
			sourceTree = "<group>";
		};
		E48416021BCCCC02008FC68E /* Products */ = {
			isa = PBXGroup;
			children = (
				E48416011BCCCC02008FC68E /* ATMoran_IOS.app */,
				E484161A1BCCCC02008FC68E /* ATMoran_IOSTests.xctest */,
				E48416251BCCCC02008FC68E /* ATMoran_IOSUITests.xctest */,
			);
			name = Products;
			sourceTree = "<group>";
		};
		E484161D1BCCCC02008FC68E /* ATMoran_IOSTests */ = {
			isa = PBXGroup;
			children = (
				E484161E1BCCCC02008FC68E /* ATMoran_IOSTests.m */,
				E48416201BCCCC02008FC68E /* Info.plist */,
			);
			path = ATMoran_IOSTests;
			sourceTree = "<group>";
		};
		E48416281BCCCC02008FC68E /* ATMoran_IOSUITests */ = {
			isa = PBXGroup;
			children = (
				E48416291BCCCC02008FC68E /* ATMoran_IOSUITests.m */,
				E484162B1BCCCC02008FC68E /* Info.plist */,
			);
			path = ATMoran_IOSUITests;
			sourceTree = "<group>";
		};
		E48416371BCCD2CC008FC68E /* ATMoran_IOS */ = {
			isa = PBXGroup;
			children = (
				E48416381BCCD2CC008FC68E /* Classes */,
				E48416431BCCD2CC008FC68E /* Resources */,
				E48416451BCCD2CC008FC68E /* Supporting Files */,
			);
			path = ATMoran_IOS;
			sourceTree = "<group>";
		};
		E48416381BCCD2CC008FC68E /* Classes */ = {
			isa = PBXGroup;
			children = (
				E484164E1BCCDC76008FC68E /* Library */,
				E484164F1BCCDC76008FC68E /* Network */,
				E48416391BCCD2CC008FC68E /* APPDelegate */,
				E484163C1BCCD2CC008FC68E /* Controllers */,
				E484163D1BCCD2CC008FC68E /* Global */,
				E484163E1BCCD2CC008FC68E /* Models */,
				E48416421BCCD2CC008FC68E /* Views */,
			);
			path = Classes;
			sourceTree = "<group>";
		};
		E48416391BCCD2CC008FC68E /* APPDelegate */ = {
			isa = PBXGroup;
			children = (
				E484163A1BCCD2CC008FC68E /* AppDelegate.h */,
				E484163B1BCCD2CC008FC68E /* AppDelegate.m */,
			);
			path = APPDelegate;
			sourceTree = "<group>";
		};
		E484163C1BCCD2CC008FC68E /* Controllers */ = {
			isa = PBXGroup;
			children = (
				E46790011BCD2DC900C39944 /* LoginAndRegister */,
			);
			path = Controllers;
			sourceTree = "<group>";
		};
		E484163D1BCCD2CC008FC68E /* Global */ = {
			isa = PBXGroup;
			children = (
			);
			path = Global;
			sourceTree = "<group>";
		};
		E484163E1BCCD2CC008FC68E /* Models */ = {
			isa = PBXGroup;
			children = (
				E441CDB41BCE2665007702E7 /* ATUserModel.h */,
				E441CDB51BCE2665007702E7 /* ATUserModel.m */,
			);
			path = Models;
			sourceTree = "<group>";
		};
		E48416421BCCD2CC008FC68E /* Views */ = {
			isa = PBXGroup;
			children = (
				E48416571BCCDDC9008FC68E /* ATLoginAndRegister.storyboard */,
			);
			path = Views;
			sourceTree = "<group>";
		};
		E48416431BCCD2CC008FC68E /* Resources */ = {
			isa = PBXGroup;
			children = (
				E484164C1BCCD9B0008FC68E /* Default-568h@2x.png */,
				E48416441BCCD2CC008FC68E /* Assets.xcassets */,
				E48416531BCCDD67008FC68E /* Main.xcassets */,
			);
			path = Resources;
			sourceTree = "<group>";
		};
		E48416451BCCD2CC008FC68E /* Supporting Files */ = {
			isa = PBXGroup;
			children = (
				E48416461BCCD2CC008FC68E /* Info.plist */,
				E48416471BCCD2CC008FC68E /* main.m */,
			);
			path = "Supporting Files";
			sourceTree = "<group>";
		};
		E484164E1BCCDC76008FC68E /* Library */ = {
			isa = PBXGroup;
			children = (
			);
			name = Library;
			path = ATMoran_IOS/Classes/Library;
			sourceTree = SOURCE_ROOT;
		};
		E484164F1BCCDC76008FC68E /* Network */ = {
			isa = PBXGroup;
			children = (
				E48416501BCCDC76008FC68E /* Parsers */,
				E48416511BCCDC76008FC68E /* Requires */,
				E48416521BCCDC76008FC68E /* Utility */,
			);
			name = Network;
			path = ATMoran_IOS/Classes/Network;
			sourceTree = SOURCE_ROOT;
		};
		E48416501BCCDC76008FC68E /* Parsers */ = {
			isa = PBXGroup;
			children = (
				E441CDB71BCE2794007702E7 /* ATLoginRequireParser.h */,
				E441CDB81BCE2794007702E7 /* ATLoginRequireParser.m */,
				E441CDC01BCE3832007702E7 /* ATRegisterRequireParser.h */,
				E441CDC11BCE3832007702E7 /* ATRegisterRequireParser.m */,
			);
			path = Parsers;
			sourceTree = "<group>";
		};
		E48416511BCCDC76008FC68E /* Requires */ = {
			isa = PBXGroup;
			children = (
				E441CDAE1BCE25C1007702E7 /* ATLoginRequires.h */,
				E441CDAF1BCE25C1007702E7 /* ATLoginRequires.m */,
				E441CDBA1BCE368C007702E7 /* ATRegisterRequires.h */,
				E441CDBB1BCE368C007702E7 /* ATRegisterRequires.m */,
			);
			path = Requires;
			sourceTree = "<group>";
		};
		E48416521BCCDC76008FC68E /* Utility */ = {
			isa = PBXGroup;
			children = (
				E441CDB11BCE25FD007702E7 /* BLMultipartForm.h */,
				E441CDB21BCE25FD007702E7 /* BLMultipartForm.m */,
			);
			path = Utility;
			sourceTree = "<group>";
		};
/* End PBXGroup section */

/* Begin PBXNativeTarget section */
		E48416001BCCCC01008FC68E /* ATMoran_IOS */ = {
			isa = PBXNativeTarget;
			buildConfigurationList = E484162E1BCCCC02008FC68E /* Build configuration list for PBXNativeTarget "ATMoran_IOS" */;
			buildPhases = (
				E48415FD1BCCCC01008FC68E /* Sources */,
				E48415FE1BCCCC01008FC68E /* Frameworks */,
				E48415FF1BCCCC01008FC68E /* Resources */,
			);
			buildRules = (
			);
			dependencies = (
			);
			name = ATMoran_IOS;
			productName = ATMoran_IOS;
			productReference = E48416011BCCCC02008FC68E /* ATMoran_IOS.app */;
			productType = "com.apple.product-type.application";
		};
		E48416191BCCCC02008FC68E /* ATMoran_IOSTests */ = {
			isa = PBXNativeTarget;
			buildConfigurationList = E48416311BCCCC02008FC68E /* Build configuration list for PBXNativeTarget "ATMoran_IOSTests" */;
			buildPhases = (
				E48416161BCCCC02008FC68E /* Sources */,
				E48416171BCCCC02008FC68E /* Frameworks */,
				E48416181BCCCC02008FC68E /* Resources */,
			);
			buildRules = (
			);
			dependencies = (
				E484161C1BCCCC02008FC68E /* PBXTargetDependency */,
			);
			name = ATMoran_IOSTests;
			productName = ATMoran_IOSTests;
			productReference = E484161A1BCCCC02008FC68E /* ATMoran_IOSTests.xctest */;
			productType = "com.apple.product-type.bundle.unit-test";
		};
		E48416241BCCCC02008FC68E /* ATMoran_IOSUITests */ = {
			isa = PBXNativeTarget;
			buildConfigurationList = E48416341BCCCC02008FC68E /* Build configuration list for PBXNativeTarget "ATMoran_IOSUITests" */;
			buildPhases = (
				E48416211BCCCC02008FC68E /* Sources */,
				E48416221BCCCC02008FC68E /* Frameworks */,
				E48416231BCCCC02008FC68E /* Resources */,
			);
			buildRules = (
			);
			dependencies = (
				E48416271BCCCC02008FC68E /* PBXTargetDependency */,
			);
			name = ATMoran_IOSUITests;
			productName = ATMoran_IOSUITests;
			productReference = E48416251BCCCC02008FC68E /* ATMoran_IOSUITests.xctest */;
			productType = "com.apple.product-type.bundle.ui-testing";
		};
/* End PBXNativeTarget section */

/* Begin PBXProject section */
		E48415F91BCCCC01008FC68E /* Project object */ = {
			isa = PBXProject;
			attributes = {
				LastUpgradeCheck = 0700;
				ORGANIZATIONNAME = Ants;
				TargetAttributes = {
					E48416001BCCCC01008FC68E = {
						CreatedOnToolsVersion = 7.0;
					};
					E48416191BCCCC02008FC68E = {
						CreatedOnToolsVersion = 7.0;
						TestTargetID = E48416001BCCCC01008FC68E;
					};
					E48416241BCCCC02008FC68E = {
						CreatedOnToolsVersion = 7.0;
						TestTargetID = E48416001BCCCC01008FC68E;
					};
				};
			};
			buildConfigurationList = E48415FC1BCCCC01008FC68E /* Build configuration list for PBXProject "ATMoran_IOS" */;
			compatibilityVersion = "Xcode 3.2";
			developmentRegion = English;
			hasScannedForEncodings = 0;
			knownRegions = (
				en,
				Base,
			);
			mainGroup = E48415F81BCCCC01008FC68E;
			productRefGroup = E48416021BCCCC02008FC68E /* Products */;
			projectDirPath = "";
			projectRoot = "";
			targets = (
				E48416001BCCCC01008FC68E /* ATMoran_IOS */,
				E48416191BCCCC02008FC68E /* ATMoran_IOSTests */,
				E48416241BCCCC02008FC68E /* ATMoran_IOSUITests */,
			);
		};
/* End PBXProject section */

/* Begin PBXResourcesBuildPhase section */
		E48415FF1BCCCC01008FC68E /* Resources */ = {
			isa = PBXResourcesBuildPhase;
			buildActionMask = 2147483647;
			files = (
				E48416491BCCD2CC008FC68E /* Assets.xcassets in Resources */,
				E48416541BCCDD67008FC68E /* Main.xcassets in Resources */,
				E48416581BCCDDC9008FC68E /* ATLoginAndRegister.storyboard in Resources */,
				E484164D1BCCD9B0008FC68E /* Default-568h@2x.png in Resources */,
			);
			runOnlyForDeploymentPostprocessing = 0;
		};
		E48416181BCCCC02008FC68E /* Resources */ = {
			isa = PBXResourcesBuildPhase;
			buildActionMask = 2147483647;
			files = (
			);
			runOnlyForDeploymentPostprocessing = 0;
		};
		E48416231BCCCC02008FC68E /* Resources */ = {
			isa = PBXResourcesBuildPhase;
			buildActionMask = 2147483647;
			files = (
			);
			runOnlyForDeploymentPostprocessing = 0;
		};
/* End PBXResourcesBuildPhase section */

/* Begin PBXSourcesBuildPhase section */
		E48415FD1BCCCC01008FC68E /* Sources */ = {
			isa = PBXSourcesBuildPhase;
			buildActionMask = 2147483647;
			files = (
				E441CDB31BCE25FD007702E7 /* BLMultipartForm.m in Sources */,
				E441CDB91BCE2794007702E7 /* ATLoginRequireParser.m in Sources */,
				E441CDBC1BCE368C007702E7 /* ATRegisterRequires.m in Sources */,
				E484164B1BCCD2CC008FC68E /* main.m in Sources */,
				E441CDB61BCE2665007702E7 /* ATUserModel.m in Sources */,
				E46790061BCD2DC900C39944 /* ATLoginViewController.m in Sources */,
				E441CDB01BCE25C1007702E7 /* ATLoginRequires.m in Sources */,
				E46790071BCD2DC900C39944 /* ATRegisterViewController.m in Sources */,
				E441CDC21BCE3832007702E7 /* ATRegisterRequireParser.m in Sources */,
				E48416481BCCD2CC008FC68E /* AppDelegate.m in Sources */,
			);
			runOnlyForDeploymentPostprocessing = 0;
		};
		E48416161BCCCC02008FC68E /* Sources */ = {
			isa = PBXSourcesBuildPhase;
			buildActionMask = 2147483647;
			files = (
				E484161F1BCCCC02008FC68E /* ATMoran_IOSTests.m in Sources */,
			);
			runOnlyForDeploymentPostprocessing = 0;
		};
		E48416211BCCCC02008FC68E /* Sources */ = {
			isa = PBXSourcesBuildPhase;
			buildActionMask = 2147483647;
			files = (
				E484162A1BCCCC02008FC68E /* ATMoran_IOSUITests.m in Sources */,
			);
			runOnlyForDeploymentPostprocessing = 0;
		};
/* End PBXSourcesBuildPhase section */

/* Begin PBXTargetDependency section */
		E484161C1BCCCC02008FC68E /* PBXTargetDependency */ = {
			isa = PBXTargetDependency;
			target = E48416001BCCCC01008FC68E /* ATMoran_IOS */;
			targetProxy = E484161B1BCCCC02008FC68E /* PBXContainerItemProxy */;
		};
		E48416271BCCCC02008FC68E /* PBXTargetDependency */ = {
			isa = PBXTargetDependency;
			target = E48416001BCCCC01008FC68E /* ATMoran_IOS */;
			targetProxy = E48416261BCCCC02008FC68E /* PBXContainerItemProxy */;
		};
/* End PBXTargetDependency section */

/* Begin XCBuildConfiguration section */
		E484162C1BCCCC02008FC68E /* Debug */ = {
			isa = XCBuildConfiguration;
			buildSettings = {
				ALWAYS_SEARCH_USER_PATHS = NO;
				CLANG_CXX_LANGUAGE_STANDARD = "gnu++0x";
				CLANG_CXX_LIBRARY = "libc++";
				CLANG_ENABLE_MODULES = YES;
				CLANG_ENABLE_OBJC_ARC = YES;
				CLANG_WARN_BOOL_CONVERSION = YES;
				CLANG_WARN_CONSTANT_CONVERSION = YES;
				CLANG_WARN_DIRECT_OBJC_ISA_USAGE = YES_ERROR;
				CLANG_WARN_EMPTY_BODY = YES;
				CLANG_WARN_ENUM_CONVERSION = YES;
				CLANG_WARN_INT_CONVERSION = YES;
				CLANG_WARN_OBJC_ROOT_CLASS = YES_ERROR;
				CLANG_WARN_UNREACHABLE_CODE = YES;
				CLANG_WARN__DUPLICATE_METHOD_MATCH = YES;
				"CODE_SIGN_IDENTITY[sdk=iphoneos*]" = "iPhone Developer";
				COPY_PHASE_STRIP = NO;
				DEBUG_INFORMATION_FORMAT = dwarf;
				ENABLE_STRICT_OBJC_MSGSEND = YES;
				ENABLE_TESTABILITY = YES;
				GCC_C_LANGUAGE_STANDARD = gnu99;
				GCC_DYNAMIC_NO_PIC = NO;
				GCC_NO_COMMON_BLOCKS = YES;
				GCC_OPTIMIZATION_LEVEL = 0;
				GCC_PREPROCESSOR_DEFINITIONS = (
					"DEBUG=1",
					"$(inherited)",
				);
				GCC_WARN_64_TO_32_BIT_CONVERSION = YES;
				GCC_WARN_ABOUT_RETURN_TYPE = YES_ERROR;
				GCC_WARN_UNDECLARED_SELECTOR = YES;
				GCC_WARN_UNINITIALIZED_AUTOS = YES_AGGRESSIVE;
				GCC_WARN_UNUSED_FUNCTION = YES;
				GCC_WARN_UNUSED_VARIABLE = YES;
				IPHONEOS_DEPLOYMENT_TARGET = 7.0;
				MTL_ENABLE_DEBUG_INFO = YES;
				ONLY_ACTIVE_ARCH = YES;
				SDKROOT = iphoneos;
			};
			name = Debug;
		};
		E484162D1BCCCC02008FC68E /* Release */ = {
			isa = XCBuildConfiguration;
			buildSettings = {
				ALWAYS_SEARCH_USER_PATHS = NO;
				CLANG_CXX_LANGUAGE_STANDARD = "gnu++0x";
				CLANG_CXX_LIBRARY = "libc++";
				CLANG_ENABLE_MODULES = YES;
				CLANG_ENABLE_OBJC_ARC = YES;
				CLANG_WARN_BOOL_CONVERSION = YES;
				CLANG_WARN_CONSTANT_CONVERSION = YES;
				CLANG_WARN_DIRECT_OBJC_ISA_USAGE = YES_ERROR;
				CLANG_WARN_EMPTY_BODY = YES;
				CLANG_WARN_ENUM_CONVERSION = YES;
				CLANG_WARN_INT_CONVERSION = YES;
				CLANG_WARN_OBJC_ROOT_CLASS = YES_ERROR;
				CLANG_WARN_UNREACHABLE_CODE = YES;
				CLANG_WARN__DUPLICATE_METHOD_MATCH = YES;
				"CODE_SIGN_IDENTITY[sdk=iphoneos*]" = "iPhone Developer";
				COPY_PHASE_STRIP = NO;
				DEBUG_INFORMATION_FORMAT = "dwarf-with-dsym";
				ENABLE_NS_ASSERTIONS = NO;
				ENABLE_STRICT_OBJC_MSGSEND = YES;
				GCC_C_LANGUAGE_STANDARD = gnu99;
				GCC_NO_COMMON_BLOCKS = YES;
				GCC_WARN_64_TO_32_BIT_CONVERSION = YES;
				GCC_WARN_ABOUT_RETURN_TYPE = YES_ERROR;
				GCC_WARN_UNDECLARED_SELECTOR = YES;
				GCC_WARN_UNINITIALIZED_AUTOS = YES_AGGRESSIVE;
				GCC_WARN_UNUSED_FUNCTION = YES;
				GCC_WARN_UNUSED_VARIABLE = YES;
				IPHONEOS_DEPLOYMENT_TARGET = 7.0;
				MTL_ENABLE_DEBUG_INFO = NO;
				SDKROOT = iphoneos;
				VALIDATE_PRODUCT = YES;
			};
			name = Release;
		};
		E484162F1BCCCC02008FC68E /* Debug */ = {
			isa = XCBuildConfiguration;
			buildSettings = {
				ASSETCATALOG_COMPILER_APPICON_NAME = AppIcon;
				INFOPLIST_FILE = "ATMoran_IOS/Supporting Files/Info.plist";
				IPHONEOS_DEPLOYMENT_TARGET = 7.0;
				LD_RUNPATH_SEARCH_PATHS = "$(inherited) @executable_path/Frameworks";
				PRODUCT_BUNDLE_IDENTIFIER = "Ants.ATMoran-IOS";
				PRODUCT_NAME = "$(TARGET_NAME)";
			};
			name = Debug;
		};
		E48416301BCCCC02008FC68E /* Release */ = {
			isa = XCBuildConfiguration;
			buildSettings = {
				ASSETCATALOG_COMPILER_APPICON_NAME = AppIcon;
				INFOPLIST_FILE = "ATMoran_IOS/Supporting Files/Info.plist";
				IPHONEOS_DEPLOYMENT_TARGET = 7.0;
				LD_RUNPATH_SEARCH_PATHS = "$(inherited) @executable_path/Frameworks";
				PRODUCT_BUNDLE_IDENTIFIER = "Ants.ATMoran-IOS";
				PRODUCT_NAME = "$(TARGET_NAME)";
			};
			name = Release;
		};
		E48416321BCCCC02008FC68E /* Debug */ = {
			isa = XCBuildConfiguration;
			buildSettings = {
				BUNDLE_LOADER = "$(TEST_HOST)";
				INFOPLIST_FILE = ATMoran_IOSTests/Info.plist;
				LD_RUNPATH_SEARCH_PATHS = "$(inherited) @executable_path/Frameworks @loader_path/Frameworks";
				PRODUCT_BUNDLE_IDENTIFIER = "Ants.ATMoran-IOSTests";
				PRODUCT_NAME = "$(TARGET_NAME)";
				TEST_HOST = "$(BUILT_PRODUCTS_DIR)/ATMoran_IOS.app/ATMoran_IOS";
			};
			name = Debug;
		};
		E48416331BCCCC02008FC68E /* Release */ = {
			isa = XCBuildConfiguration;
			buildSettings = {
				BUNDLE_LOADER = "$(TEST_HOST)";
				INFOPLIST_FILE = ATMoran_IOSTests/Info.plist;
				LD_RUNPATH_SEARCH_PATHS = "$(inherited) @executable_path/Frameworks @loader_path/Frameworks";
				PRODUCT_BUNDLE_IDENTIFIER = "Ants.ATMoran-IOSTests";
				PRODUCT_NAME = "$(TARGET_NAME)";
				TEST_HOST = "$(BUILT_PRODUCTS_DIR)/ATMoran_IOS.app/ATMoran_IOS";
			};
			name = Release;
		};
		E48416351BCCCC02008FC68E /* Debug */ = {
			isa = XCBuildConfiguration;
			buildSettings = {
				INFOPLIST_FILE = ATMoran_IOSUITests/Info.plist;
				LD_RUNPATH_SEARCH_PATHS = "$(inherited) @executable_path/Frameworks @loader_path/Frameworks";
				PRODUCT_BUNDLE_IDENTIFIER = "Ants.ATMoran-IOSUITests";
				PRODUCT_NAME = "$(TARGET_NAME)";
				TEST_TARGET_NAME = ATMoran_IOS;
				USES_XCTRUNNER = YES;
			};
			name = Debug;
		};
		E48416361BCCCC02008FC68E /* Release */ = {
			isa = XCBuildConfiguration;
			buildSettings = {
				INFOPLIST_FILE = ATMoran_IOSUITests/Info.plist;
				LD_RUNPATH_SEARCH_PATHS = "$(inherited) @executable_path/Frameworks @loader_path/Frameworks";
				PRODUCT_BUNDLE_IDENTIFIER = "Ants.ATMoran-IOSUITests";
				PRODUCT_NAME = "$(TARGET_NAME)";
				TEST_TARGET_NAME = ATMoran_IOS;
				USES_XCTRUNNER = YES;
			};
			name = Release;
		};
/* End XCBuildConfiguration section */

/* Begin XCConfigurationList section */
		E48415FC1BCCCC01008FC68E /* Build configuration list for PBXProject "ATMoran_IOS" */ = {
			isa = XCConfigurationList;
			buildConfigurations = (
				E484162C1BCCCC02008FC68E /* Debug */,
				E484162D1BCCCC02008FC68E /* Release */,
			);
			defaultConfigurationIsVisible = 0;
			defaultConfigurationName = Release;
		};
		E484162E1BCCCC02008FC68E /* Build configuration list for PBXNativeTarget "ATMoran_IOS" */ = {
			isa = XCConfigurationList;
			buildConfigurations = (
				E484162F1BCCCC02008FC68E /* Debug */,
				E48416301BCCCC02008FC68E /* Release */,
			);
			defaultConfigurationIsVisible = 0;
			defaultConfigurationName = Release;
		};
		E48416311BCCCC02008FC68E /* Build configuration list for PBXNativeTarget "ATMoran_IOSTests" */ = {
			isa = XCConfigurationList;
			buildConfigurations = (
				E48416321BCCCC02008FC68E /* Debug */,
				E48416331BCCCC02008FC68E /* Release */,
			);
			defaultConfigurationIsVisible = 0;
			defaultConfigurationName = Release;
		};
		E48416341BCCCC02008FC68E /* Build configuration list for PBXNativeTarget "ATMoran_IOSUITests" */ = {
			isa = XCConfigurationList;
			buildConfigurations = (
				E48416351BCCCC02008FC68E /* Debug */,
				E48416361BCCCC02008FC68E /* Release */,
			);
			defaultConfigurationIsVisible = 0;
			defaultConfigurationName = Release;
		};
/* End XCConfigurationList section */
	};
	rootObject = E48415F91BCCCC01008FC68E /* Project object */;
}
